// !$*UTF8*$!
{
	archiveVersion = 1;
	classes = {
	};
	objectVersion = 51;
	objects = {

/* Begin PBXBuildFile section */
		0DBD570379A6F2F5BCFCF0E6 /* Pods_CCUILayout.framework in Frameworks */ = {isa = PBXBuildFile; fileRef = B70736BA030169043A5F4CE2 /* Pods_CCUILayout.framework */; };
		84070F8B245AC722000C9697 /* CCUILayoutDemo02VC_debug.plist in Resources */ = {isa = PBXBuildFile; fileRef = 84070F8A245AC722000C9697 /* CCUILayoutDemo02VC_debug.plist */; };
		8407100A24626083000C9697 /* WDZMyInfoItem00.m in Sources */ = {isa = PBXBuildFile; fileRef = 8407100524626083000C9697 /* WDZMyInfoItem00.m */; };
		8407100B24626083000C9697 /* WDZMyInfoSegLine.m in Sources */ = {isa = PBXBuildFile; fileRef = 8407100624626083000C9697 /* WDZMyInfoSegLine.m */; };
		8407100C24626083000C9697 /* WDZMyInfoItem01.m in Sources */ = {isa = PBXBuildFile; fileRef = 8407100724626083000C9697 /* WDZMyInfoItem01.m */; };
		84090F0F24F5070700B1A552 /* README.md in Resources */ = {isa = PBXBuildFile; fileRef = 84090F0E24F5070700B1A552 /* README.md */; };
		843E13BD2459A48200A1DFD8 /* CCUILayoutDemo01VC.plist in Resources */ = {isa = PBXBuildFile; fileRef = 843E13BB2459A48200A1DFD8 /* CCUILayoutDemo01VC.plist */; };
		843E13BE2459A48200A1DFD8 /* CCUILayoutDemo01VC_debug.plist in Resources */ = {isa = PBXBuildFile; fileRef = 843E13BC2459A48200A1DFD8 /* CCUILayoutDemo01VC_debug.plist */; };
		843E2CEB245A9CE000A1DFD8 /* CCUILayoutDemo02VC.m in Sources */ = {isa = PBXBuildFile; fileRef = 843E2CEA245A9CE000A1DFD8 /* CCUILayoutDemo02VC.m */; };
		843E2CEF245A9D7500A1DFD8 /* CCUILayoutDemo02VC.plist in Resources */ = {isa = PBXBuildFile; fileRef = 843E2CEE245A9D7500A1DFD8 /* CCUILayoutDemo02VC.plist */; };
		84480579253AC1F4004C1AC7 /* CCUIShowFPS.m in Sources */ = {isa = PBXBuildFile; fileRef = 84480578253AC1F4004C1AC7 /* CCUIShowFPS.m */; };
		84480588253AC326004C1AC7 /* CCUITimeChLine.m in Sources */ = {isa = PBXBuildFile; fileRef = 8448057B253AC326004C1AC7 /* CCUITimeChLine.m */; };
		84480589253AC326004C1AC7 /* CCUITimeLineCell.m in Sources */ = {isa = PBXBuildFile; fileRef = 8448057F253AC326004C1AC7 /* CCUITimeLineCell.m */; };
		8448058A253AC326004C1AC7 /* CCUITimeChLineUM.m in Sources */ = {isa = PBXBuildFile; fileRef = 84480584253AC326004C1AC7 /* CCUITimeChLineUM.m */; };
		8448058B253AC326004C1AC7 /* CCUITimeLineCellMode.m in Sources */ = {isa = PBXBuildFile; fileRef = 84480586253AC326004C1AC7 /* CCUITimeLineCellMode.m */; };
		8448058C253AC326004C1AC7 /* CCUITimeLine.m in Sources */ = {isa = PBXBuildFile; fileRef = 84480587253AC326004C1AC7 /* CCUITimeLine.m */; };
		84480590253AC374004C1AC7 /* CCUILayoutDemo08VC.m in Sources */ = {isa = PBXBuildFile; fileRef = 8448058F253AC374004C1AC7 /* CCUILayoutDemo08VC.m */; };
		8497AA6B24591F9A0020E5EC /* AppDelegate.m in Sources */ = {isa = PBXBuildFile; fileRef = 8497AA6A24591F9A0020E5EC /* AppDelegate.m */; };
		8497AA6E24591F9A0020E5EC /* SceneDelegate.m in Sources */ = {isa = PBXBuildFile; fileRef = 8497AA6D24591F9A0020E5EC /* SceneDelegate.m */; };
		8497AA7124591F9A0020E5EC /* ViewController.m in Sources */ = {isa = PBXBuildFile; fileRef = 8497AA7024591F9A0020E5EC /* ViewController.m */; };
		8497AA7424591F9A0020E5EC /* Main.storyboard in Resources */ = {isa = PBXBuildFile; fileRef = 8497AA7224591F9A0020E5EC /* Main.storyboard */; };
		8497AA7624591F9B0020E5EC /* Assets.xcassets in Resources */ = {isa = PBXBuildFile; fileRef = 8497AA7524591F9B0020E5EC /* Assets.xcassets */; };
		8497AA7924591F9B0020E5EC /* LaunchScreen.storyboard in Resources */ = {isa = PBXBuildFile; fileRef = 8497AA7724591F9B0020E5EC /* LaunchScreen.storyboard */; };
		8497AA7C24591F9B0020E5EC /* main.m in Sources */ = {isa = PBXBuildFile; fileRef = 8497AA7B24591F9B0020E5EC /* main.m */; };
		8497B01D245948680020E5EC /* CCUILayoutUiMode.m in Sources */ = {isa = PBXBuildFile; fileRef = 8497B01C245948680020E5EC /* CCUILayoutUiMode.m */; };
		8497B020245949D70020E5EC /* CCUILayoutCell.m in Sources */ = {isa = PBXBuildFile; fileRef = 8497B01F245949D70020E5EC /* CCUILayoutCell.m */; };
		8497B02924594E3F0020E5EC /* CCUILayoutView.m in Sources */ = {isa = PBXBuildFile; fileRef = 8497B02824594E3F0020E5EC /* CCUILayoutView.m */; };
		8497B030245953D70020E5EC /* CCUILayoutDemo01VC.m in Sources */ = {isa = PBXBuildFile; fileRef = 8497B02F245953D70020E5EC /* CCUILayoutDemo01VC.m */; };
		8497B0382459563D0020E5EC /* UIView_000.m in Sources */ = {isa = PBXBuildFile; fileRef = 8497B0372459563D0020E5EC /* UIView_000.m */; };
		8497B03C24595AFC0020E5EC /* UIView_001.m in Sources */ = {isa = PBXBuildFile; fileRef = 8497B03B24595AFC0020E5EC /* UIView_001.m */; };
		8497B03F24595DA10020E5EC /* UICell_000.m in Sources */ = {isa = PBXBuildFile; fileRef = 8497B03E24595DA10020E5EC /* UICell_000.m */; };
		8497B04224595DAA0020E5EC /* UICell_001.m in Sources */ = {isa = PBXBuildFile; fileRef = 8497B04124595DAA0020E5EC /* UICell_001.m */; };
		84A746D0246E08A600829EFF /* CCUILayoutDemo04VC.m in Sources */ = {isa = PBXBuildFile; fileRef = 84A746CF246E08A600829EFF /* CCUILayoutDemo04VC.m */; };
		84A746D3246EA20E00829EFF /* CCUILayoutDebugView.m in Sources */ = {isa = PBXBuildFile; fileRef = 84A746D2246EA20E00829EFF /* CCUILayoutDebugView.m */; };
		84B0FB4B24713F2300B5155A /* CCUILayoutBaseMode.m in Sources */ = {isa = PBXBuildFile; fileRef = 84B0FB4A24713F2300B5155A /* CCUILayoutBaseMode.m */; };
		84B0FB6F2471EC0D00B5155A /* CCSpeedyTool.m in Sources */ = {isa = PBXBuildFile; fileRef = 84B0FB5D2471EC0D00B5155A /* CCSpeedyTool.m */; };
		84B0FB702471EC0D00B5155A /* NSObject+ChangeLineSpaceAndWordSpace.m in Sources */ = {isa = PBXBuildFile; fileRef = 84B0FB622471EC0D00B5155A /* NSObject+ChangeLineSpaceAndWordSpace.m */; };
		84B0FB712471EC0D00B5155A /* NSObject+DynamicHeight.m in Sources */ = {isa = PBXBuildFile; fileRef = 84B0FB652471EC0D00B5155A /* NSObject+DynamicHeight.m */; };
		84B0FB722471EC0D00B5155A /* UIView+Category.m in Sources */ = {isa = PBXBuildFile; fileRef = 84B0FB672471EC0D00B5155A /* UIView+Category.m */; };
		84B0FB742471EC0D00B5155A /* CCImg_FL_LabBtn.m in Sources */ = {isa = PBXBuildFile; fileRef = 84B0FB6D2471EC0D00B5155A /* CCImg_FL_LabBtn.m */; };
		84BFE5A22472BBD700FA3E06 /* WDZLoginCenterVC_WDZ.plist in Resources */ = {isa = PBXBuildFile; fileRef = 84BFE5892472BBD700FA3E06 /* WDZLoginCenterVC_WDZ.plist */; };
		84BFE5A32472BBD700FA3E06 /* WDZLoginCenterVC_WDZ_debug.plist in Resources */ = {isa = PBXBuildFile; fileRef = 84BFE58A2472BBD700FA3E06 /* WDZLoginCenterVC_WDZ_debug.plist */; };
		84BFE5A42472BBD700FA3E06 /* WDZLoginCenterVC_debug.plist in Resources */ = {isa = PBXBuildFile; fileRef = 84BFE58C2472BBD700FA3E06 /* WDZLoginCenterVC_debug.plist */; };
		84BFE5A52472BBD700FA3E06 /* WDZLoginCenterVC.plist in Resources */ = {isa = PBXBuildFile; fileRef = 84BFE58D2472BBD700FA3E06 /* WDZLoginCenterVC.plist */; };
		84BFE5A62472BBD700FA3E06 /* CCUILayoutDemo07VC.m in Sources */ = {isa = PBXBuildFile; fileRef = 84BFE58F2472BBD700FA3E06 /* CCUILayoutDemo07VC.m */; };
		84BFE5A72472BBD700FA3E06 /* WDZLoginCenterItem02.m in Sources */ = {isa = PBXBuildFile; fileRef = 84BFE5922472BBD700FA3E06 /* WDZLoginCenterItem02.m */; };
		84BFE5A82472BBD700FA3E06 /* WDZLoginCenterItem06.m in Sources */ = {isa = PBXBuildFile; fileRef = 84BFE5932472BBD700FA3E06 /* WDZLoginCenterItem06.m */; };
		84BFE5A92472BBD700FA3E06 /* WDZLoginCenterItem01.m in Sources */ = {isa = PBXBuildFile; fileRef = 84BFE5952472BBD700FA3E06 /* WDZLoginCenterItem01.m */; };
		84BFE5AA2472BBD700FA3E06 /* WDZLoginCenterSegLine.m in Sources */ = {isa = PBXBuildFile; fileRef = 84BFE5962472BBD700FA3E06 /* WDZLoginCenterSegLine.m */; };
		84BFE5AB2472BBD700FA3E06 /* WDZLoginCenterItem05.m in Sources */ = {isa = PBXBuildFile; fileRef = 84BFE5982472BBD700FA3E06 /* WDZLoginCenterItem05.m */; };
		84BFE5AC2472BBD700FA3E06 /* WDZLoginCenterItem00.m in Sources */ = {isa = PBXBuildFile; fileRef = 84BFE5992472BBD700FA3E06 /* WDZLoginCenterItem00.m */; };
		84BFE5AD2472BBD700FA3E06 /* WDZLoginCenterItem04.m in Sources */ = {isa = PBXBuildFile; fileRef = 84BFE59C2472BBD700FA3E06 /* WDZLoginCenterItem04.m */; };
		84BFE5AE2472BBD700FA3E06 /* WDZLoginCenterItem03.m in Sources */ = {isa = PBXBuildFile; fileRef = 84BFE59E2472BBD700FA3E06 /* WDZLoginCenterItem03.m */; };
		84C7A087253AC4DA00C76C75 /* WDZWDZElectrContrDetailMain.m in Sources */ = {isa = PBXBuildFile; fileRef = 84C7A086253AC4DA00C76C75 /* WDZWDZElectrContrDetailMain.m */; };
		84C7A08A253AC4F300C76C75 /* WDZWDZElectrContrDetailMain.plist in Resources */ = {isa = PBXBuildFile; fileRef = 84C7A089253AC4F300C76C75 /* WDZWDZElectrContrDetailMain.plist */; };
		84C7A08E253AC52C00C76C75 /* WDZElectrContrDetailVedioHandleView.m in Sources */ = {isa = PBXBuildFile; fileRef = 84C7A08D253AC52C00C76C75 /* WDZElectrContrDetailVedioHandleView.m */; };
		84C7A091253AC53D00C76C75 /* WDZElectrContrDetailVedioBarView.m in Sources */ = {isa = PBXBuildFile; fileRef = 84C7A090253AC53D00C76C75 /* WDZElectrContrDetailVedioBarView.m */; };
		84C7A097253AC56800C76C75 /* WDZElectrContrDetailActHeadView.m in Sources */ = {isa = PBXBuildFile; fileRef = 84C7A096253AC56800C76C75 /* WDZElectrContrDetailActHeadView.m */; };
		84C7A09B253AC58600C76C75 /* WDZElectrContrDetailOrderInfoView.m in Sources */ = {isa = PBXBuildFile; fileRef = 84C7A09A253AC58600C76C75 /* WDZElectrContrDetailOrderInfoView.m */; };
		84C7A09F253AC59D00C76C75 /* WDZElectrContrDetailHistoryServeView.m in Sources */ = {isa = PBXBuildFile; fileRef = 84C7A09E253AC59D00C76C75 /* WDZElectrContrDetailHistoryServeView.m */; };
		84C7A0A5253AC98700C76C75 /* CCUILayoutDebugUiMode.m in Sources */ = {isa = PBXBuildFile; fileRef = 84C7A0A3253AC98700C76C75 /* CCUILayoutDebugUiMode.m */; };
		84C7A0B4253ACB1500C76C75 /* CCUILayoutBaseVC.m in Sources */ = {isa = PBXBuildFile; fileRef = 84C7A0A7253ACB1500C76C75 /* CCUILayoutBaseVC.m */; };
		84C7A0B5253ACB1500C76C75 /* CCUILayoutBaseView.m in Sources */ = {isa = PBXBuildFile; fileRef = 84C7A0A9253ACB1500C76C75 /* CCUILayoutBaseView.m */; };
		84C7A0B6253ACB1500C76C75 /* CCUILayoutBaseTabVC.m in Sources */ = {isa = PBXBuildFile; fileRef = 84C7A0AC253ACB1500C76C75 /* CCUILayoutBaseTabVC.m */; };
		84C7A0B7253ACB1500C76C75 /* CCUILayoutBaseLogic.m in Sources */ = {isa = PBXBuildFile; fileRef = 84C7A0AD253ACB1500C76C75 /* CCUILayoutBaseLogic.m */; };
		84C7A0B8253ACB1500C76C75 /* CCUILayoutSuperBaseCell.m in Sources */ = {isa = PBXBuildFile; fileRef = 84C7A0B1253ACB1500C76C75 /* CCUILayoutSuperBaseCell.m */; };
		84C7A0B9253ACB1500C76C75 /* CCUILayoutSuperBaseView.m in Sources */ = {isa = PBXBuildFile; fileRef = 84C7A0B2253ACB1500C76C75 /* CCUILayoutSuperBaseView.m */; };
		84C7A0C2253ACFB500C76C75 /* CCUILayoutSegLineView.m in Sources */ = {isa = PBXBuildFile; fileRef = 84C7A0C1253ACFB500C76C75 /* CCUILayoutSegLineView.m */; };
		84F6F262246D5E9C00724376 /* CCUILayoutConfig.m in Sources */ = {isa = PBXBuildFile; fileRef = 84F6F261246D5E9C00724376 /* CCUILayoutConfig.m */; };
		84F6F370246D7A9300724376 /* CCUILayoutDemo03VC.m in Sources */ = {isa = PBXBuildFile; fileRef = 84F6F36F246D7A9200724376 /* CCUILayoutDemo03VC.m */; };
		84F6F521246E6C7900724376 /* FuncVC.plist in Resources */ = {isa = PBXBuildFile; fileRef = 84F6F520246E6C7900724376 /* FuncVC.plist */; };
		84F6F529246E70BB00724376 /* FuncCELL.m in Sources */ = {isa = PBXBuildFile; fileRef = 84F6F528246E70BB00724376 /* FuncCELL.m */; };
		84F6F52C246E70DF00724376 /* FuncVC.m in Sources */ = {isa = PBXBuildFile; fileRef = 84F6F52B246E70DF00724376 /* FuncVC.m */; };
		84F6F62D2472522100724376 /* NSObject+AutoKvo.m in Sources */ = {isa = PBXBuildFile; fileRef = 84F6F62C2472522100724376 /* NSObject+AutoKvo.m */; };
		84F6F63224725C2F00724376 /* CCUILayoutDemo05VC.m in Sources */ = {isa = PBXBuildFile; fileRef = 84F6F63124725C2F00724376 /* CCUILayoutDemo05VC.m */; };
		84F6F63524725C4900724376 /* CCUILayoutDemo06VC.m in Sources */ = {isa = PBXBuildFile; fileRef = 84F6F63424725C4900724376 /* CCUILayoutDemo06VC.m */; };
		84F6F63924725FE300724376 /* Demo06View.m in Sources */ = {isa = PBXBuildFile; fileRef = 84F6F63824725FE300724376 /* Demo06View.m */; };
		84F6F63C24725FEE00724376 /* Demo05View.m in Sources */ = {isa = PBXBuildFile; fileRef = 84F6F63B24725FEE00724376 /* Demo05View.m */; };
		84F6F6402472601700724376 /* Demo05View.plist in Resources */ = {isa = PBXBuildFile; fileRef = 84F6F63F2472601700724376 /* Demo05View.plist */; };
/* End PBXBuildFile section */

/* Begin PBXFileReference section */
		4870CD6AC8D4C8D666194833 /* Pods-CCUILayout.debug.xcconfig */ = {isa = PBXFileReference; includeInIndex = 1; lastKnownFileType = text.xcconfig; name = "Pods-CCUILayout.debug.xcconfig"; path = "Target Support Files/Pods-CCUILayout/Pods-CCUILayout.debug.xcconfig"; sourceTree = "<group>"; };
		84070F8A245AC722000C9697 /* CCUILayoutDemo02VC_debug.plist */ = {isa = PBXFileReference; fileEncoding = 4; lastKnownFileType = text.plist.xml; path = CCUILayoutDemo02VC_debug.plist; sourceTree = "<group>"; };
		84070F8C245AC797000C9697 /* CCUILayout_Debug.h */ = {isa = PBXFileReference; lastKnownFileType = sourcecode.c.h; path = CCUILayout_Debug.h; sourceTree = "<group>"; };
		84070F8D245ACA2B000C9697 /* CCUILayout_Color.h */ = {isa = PBXFileReference; lastKnownFileType = sourcecode.c.h; path = CCUILayout_Color.h; sourceTree = "<group>"; };
		84070F8E245ACAE1000C9697 /* CCUILayout_Func.h */ = {isa = PBXFileReference; lastKnownFileType = sourcecode.c.h; path = CCUILayout_Func.h; sourceTree = "<group>"; };
		8407100424626083000C9697 /* WDZMyInfoItem01.h */ = {isa = PBXFileReference; fileEncoding = 4; lastKnownFileType = sourcecode.c.h; path = WDZMyInfoItem01.h; sourceTree = "<group>"; };
		8407100524626083000C9697 /* WDZMyInfoItem00.m */ = {isa = PBXFileReference; fileEncoding = 4; lastKnownFileType = sourcecode.c.objc; path = WDZMyInfoItem00.m; sourceTree = "<group>"; };
		8407100624626083000C9697 /* WDZMyInfoSegLine.m */ = {isa = PBXFileReference; fileEncoding = 4; lastKnownFileType = sourcecode.c.objc; path = WDZMyInfoSegLine.m; sourceTree = "<group>"; };
		8407100724626083000C9697 /* WDZMyInfoItem01.m */ = {isa = PBXFileReference; fileEncoding = 4; lastKnownFileType = sourcecode.c.objc; path = WDZMyInfoItem01.m; sourceTree = "<group>"; };
		8407100824626083000C9697 /* WDZMyInfoSegLine.h */ = {isa = PBXFileReference; fileEncoding = 4; lastKnownFileType = sourcecode.c.h; path = WDZMyInfoSegLine.h; sourceTree = "<group>"; };
		8407100924626083000C9697 /* WDZMyInfoItem00.h */ = {isa = PBXFileReference; fileEncoding = 4; lastKnownFileType = sourcecode.c.h; path = WDZMyInfoItem00.h; sourceTree = "<group>"; };
		8407101D24626680000C9697 /* CCUILayout_Enum.h */ = {isa = PBXFileReference; lastKnownFileType = sourcecode.c.h; path = CCUILayout_Enum.h; sourceTree = "<group>"; };
		84090F0E24F5070700B1A552 /* README.md */ = {isa = PBXFileReference; lastKnownFileType = net.daringfireball.markdown; path = README.md; sourceTree = "<group>"; };
		843E13BB2459A48200A1DFD8 /* CCUILayoutDemo01VC.plist */ = {isa = PBXFileReference; fileEncoding = 4; lastKnownFileType = text.plist.xml; path = CCUILayoutDemo01VC.plist; sourceTree = "<group>"; };
		843E13BC2459A48200A1DFD8 /* CCUILayoutDemo01VC_debug.plist */ = {isa = PBXFileReference; fileEncoding = 4; lastKnownFileType = text.plist.xml; path = CCUILayoutDemo01VC_debug.plist; sourceTree = "<group>"; };
		843E2CE9245A9CE000A1DFD8 /* CCUILayoutDemo02VC.h */ = {isa = PBXFileReference; lastKnownFileType = sourcecode.c.h; path = CCUILayoutDemo02VC.h; sourceTree = "<group>"; };
		843E2CEA245A9CE000A1DFD8 /* CCUILayoutDemo02VC.m */ = {isa = PBXFileReference; lastKnownFileType = sourcecode.c.objc; path = CCUILayoutDemo02VC.m; sourceTree = "<group>"; };
		843E2CEE245A9D7500A1DFD8 /* CCUILayoutDemo02VC.plist */ = {isa = PBXFileReference; fileEncoding = 4; lastKnownFileType = text.plist.xml; path = CCUILayoutDemo02VC.plist; sourceTree = "<group>"; };
		843E2CF8245AA53D00A1DFD8 /* CCUILayout_Font.h */ = {isa = PBXFileReference; lastKnownFileType = sourcecode.c.h; path = CCUILayout_Font.h; sourceTree = "<group>"; };
		843E2D12245AA98900A1DFD8 /* CCUILayout_Block.h */ = {isa = PBXFileReference; lastKnownFileType = sourcecode.c.h; path = CCUILayout_Block.h; sourceTree = "<group>"; };
		84480577253AC1F4004C1AC7 /* CCUIShowFPS.h */ = {isa = PBXFileReference; fileEncoding = 4; lastKnownFileType = sourcecode.c.h; path = CCUIShowFPS.h; sourceTree = "<group>"; };
		84480578253AC1F4004C1AC7 /* CCUIShowFPS.m */ = {isa = PBXFileReference; fileEncoding = 4; lastKnownFileType = sourcecode.c.objc; path = CCUIShowFPS.m; sourceTree = "<group>"; };
		8448057B253AC326004C1AC7 /* CCUITimeChLine.m */ = {isa = PBXFileReference; fileEncoding = 4; lastKnownFileType = sourcecode.c.objc; path = CCUITimeChLine.m; sourceTree = "<group>"; };
		8448057C253AC326004C1AC7 /* CCUITimeChLine_Header.h */ = {isa = PBXFileReference; fileEncoding = 4; lastKnownFileType = sourcecode.c.h; path = CCUITimeChLine_Header.h; sourceTree = "<group>"; };
		8448057D253AC326004C1AC7 /* CCUITimeChLineUM.h */ = {isa = PBXFileReference; fileEncoding = 4; lastKnownFileType = sourcecode.c.h; path = CCUITimeChLineUM.h; sourceTree = "<group>"; };
		8448057E253AC326004C1AC7 /* CCUITimeLineCellMode.h */ = {isa = PBXFileReference; fileEncoding = 4; lastKnownFileType = sourcecode.c.h; path = CCUITimeLineCellMode.h; sourceTree = "<group>"; };
		8448057F253AC326004C1AC7 /* CCUITimeLineCell.m */ = {isa = PBXFileReference; fileEncoding = 4; lastKnownFileType = sourcecode.c.objc; path = CCUITimeLineCell.m; sourceTree = "<group>"; };
		84480580253AC326004C1AC7 /* CCUITimeLine.h */ = {isa = PBXFileReference; fileEncoding = 4; lastKnownFileType = sourcecode.c.h; path = CCUITimeLine.h; sourceTree = "<group>"; };
		84480581253AC326004C1AC7 /* CCUITimeChLine_Enum.h */ = {isa = PBXFileReference; fileEncoding = 4; lastKnownFileType = sourcecode.c.h; path = CCUITimeChLine_Enum.h; sourceTree = "<group>"; };
		84480582253AC326004C1AC7 /* CCUITimeChLine_Static.h */ = {isa = PBXFileReference; fileEncoding = 4; lastKnownFileType = sourcecode.c.h; path = CCUITimeChLine_Static.h; sourceTree = "<group>"; };
		84480583253AC326004C1AC7 /* CCUITimeChLine.h */ = {isa = PBXFileReference; fileEncoding = 4; lastKnownFileType = sourcecode.c.h; path = CCUITimeChLine.h; sourceTree = "<group>"; };
		84480584253AC326004C1AC7 /* CCUITimeChLineUM.m */ = {isa = PBXFileReference; fileEncoding = 4; lastKnownFileType = sourcecode.c.objc; path = CCUITimeChLineUM.m; sourceTree = "<group>"; };
		84480585253AC326004C1AC7 /* CCUITimeLineCell.h */ = {isa = PBXFileReference; fileEncoding = 4; lastKnownFileType = sourcecode.c.h; path = CCUITimeLineCell.h; sourceTree = "<group>"; };
		84480586253AC326004C1AC7 /* CCUITimeLineCellMode.m */ = {isa = PBXFileReference; fileEncoding = 4; lastKnownFileType = sourcecode.c.objc; path = CCUITimeLineCellMode.m; sourceTree = "<group>"; };
		84480587253AC326004C1AC7 /* CCUITimeLine.m */ = {isa = PBXFileReference; fileEncoding = 4; lastKnownFileType = sourcecode.c.objc; path = CCUITimeLine.m; sourceTree = "<group>"; };
		8448058E253AC374004C1AC7 /* CCUILayoutDemo08VC.h */ = {isa = PBXFileReference; lastKnownFileType = sourcecode.c.h; path = CCUILayoutDemo08VC.h; sourceTree = "<group>"; };
		8448058F253AC374004C1AC7 /* CCUILayoutDemo08VC.m */ = {isa = PBXFileReference; lastKnownFileType = sourcecode.c.objc; path = CCUILayoutDemo08VC.m; sourceTree = "<group>"; };
		8497AA6624591F9A0020E5EC /* CCUILayout.app */ = {isa = PBXFileReference; explicitFileType = wrapper.application; includeInIndex = 0; path = CCUILayout.app; sourceTree = BUILT_PRODUCTS_DIR; };
		8497AA6924591F9A0020E5EC /* AppDelegate.h */ = {isa = PBXFileReference; lastKnownFileType = sourcecode.c.h; path = AppDelegate.h; sourceTree = "<group>"; };
		8497AA6A24591F9A0020E5EC /* AppDelegate.m */ = {isa = PBXFileReference; lastKnownFileType = sourcecode.c.objc; path = AppDelegate.m; sourceTree = "<group>"; };
		8497AA6C24591F9A0020E5EC /* SceneDelegate.h */ = {isa = PBXFileReference; lastKnownFileType = sourcecode.c.h; path = SceneDelegate.h; sourceTree = "<group>"; };
		8497AA6D24591F9A0020E5EC /* SceneDelegate.m */ = {isa = PBXFileReference; lastKnownFileType = sourcecode.c.objc; path = SceneDelegate.m; sourceTree = "<group>"; };
		8497AA6F24591F9A0020E5EC /* ViewController.h */ = {isa = PBXFileReference; lastKnownFileType = sourcecode.c.h; path = ViewController.h; sourceTree = "<group>"; };
		8497AA7024591F9A0020E5EC /* ViewController.m */ = {isa = PBXFileReference; lastKnownFileType = sourcecode.c.objc; path = ViewController.m; sourceTree = "<group>"; };
		8497AA7324591F9A0020E5EC /* Base */ = {isa = PBXFileReference; lastKnownFileType = file.storyboard; name = Base; path = Base.lproj/Main.storyboard; sourceTree = "<group>"; };
		8497AA7524591F9B0020E5EC /* Assets.xcassets */ = {isa = PBXFileReference; lastKnownFileType = folder.assetcatalog; path = Assets.xcassets; sourceTree = "<group>"; };
		8497AA7824591F9B0020E5EC /* Base */ = {isa = PBXFileReference; lastKnownFileType = file.storyboard; name = Base; path = Base.lproj/LaunchScreen.storyboard; sourceTree = "<group>"; };
		8497AA7A24591F9B0020E5EC /* Info.plist */ = {isa = PBXFileReference; lastKnownFileType = text.plist.xml; path = Info.plist; sourceTree = "<group>"; };
		8497AA7B24591F9B0020E5EC /* main.m */ = {isa = PBXFileReference; lastKnownFileType = sourcecode.c.objc; path = main.m; sourceTree = "<group>"; };
		8497B01B245948680020E5EC /* CCUILayoutUiMode.h */ = {isa = PBXFileReference; lastKnownFileType = sourcecode.c.h; path = CCUILayoutUiMode.h; sourceTree = "<group>"; };
		8497B01C245948680020E5EC /* CCUILayoutUiMode.m */ = {isa = PBXFileReference; lastKnownFileType = sourcecode.c.objc; path = CCUILayoutUiMode.m; sourceTree = "<group>"; };
		8497B01E245949D70020E5EC /* CCUILayoutCell.h */ = {isa = PBXFileReference; lastKnownFileType = sourcecode.c.h; path = CCUILayoutCell.h; sourceTree = "<group>"; };
		8497B01F245949D70020E5EC /* CCUILayoutCell.m */ = {isa = PBXFileReference; lastKnownFileType = sourcecode.c.objc; path = CCUILayoutCell.m; sourceTree = "<group>"; };
		8497B02524594AE50020E5EC /* CCUILayout_Unit_Header.h */ = {isa = PBXFileReference; lastKnownFileType = sourcecode.c.h; path = CCUILayout_Unit_Header.h; sourceTree = "<group>"; };
		8497B02624594DFC0020E5EC /* CCUILayoutToolHeader.h */ = {isa = PBXFileReference; lastKnownFileType = sourcecode.c.h; path = CCUILayoutToolHeader.h; sourceTree = "<group>"; };
		8497B02724594E3F0020E5EC /* CCUILayoutView.h */ = {isa = PBXFileReference; lastKnownFileType = sourcecode.c.h; path = CCUILayoutView.h; sourceTree = "<group>"; };
		8497B02824594E3F0020E5EC /* CCUILayoutView.m */ = {isa = PBXFileReference; lastKnownFileType = sourcecode.c.objc; path = CCUILayoutView.m; sourceTree = "<group>"; };
		8497B02E245953D70020E5EC /* CCUILayoutDemo01VC.h */ = {isa = PBXFileReference; lastKnownFileType = sourcecode.c.h; path = CCUILayoutDemo01VC.h; sourceTree = "<group>"; };
		8497B02F245953D70020E5EC /* CCUILayoutDemo01VC.m */ = {isa = PBXFileReference; lastKnownFileType = sourcecode.c.objc; path = CCUILayoutDemo01VC.m; sourceTree = "<group>"; };
		8497B0362459563D0020E5EC /* UIView_000.h */ = {isa = PBXFileReference; lastKnownFileType = sourcecode.c.h; path = UIView_000.h; sourceTree = "<group>"; };
		8497B0372459563D0020E5EC /* UIView_000.m */ = {isa = PBXFileReference; lastKnownFileType = sourcecode.c.objc; path = UIView_000.m; sourceTree = "<group>"; };
		8497B03A24595AFC0020E5EC /* UIView_001.h */ = {isa = PBXFileReference; lastKnownFileType = sourcecode.c.h; path = UIView_001.h; sourceTree = "<group>"; };
		8497B03B24595AFC0020E5EC /* UIView_001.m */ = {isa = PBXFileReference; lastKnownFileType = sourcecode.c.objc; path = UIView_001.m; sourceTree = "<group>"; };
		8497B03D24595DA10020E5EC /* UICell_000.h */ = {isa = PBXFileReference; lastKnownFileType = sourcecode.c.h; path = UICell_000.h; sourceTree = "<group>"; };
		8497B03E24595DA10020E5EC /* UICell_000.m */ = {isa = PBXFileReference; lastKnownFileType = sourcecode.c.objc; path = UICell_000.m; sourceTree = "<group>"; };
		8497B04024595DAA0020E5EC /* UICell_001.h */ = {isa = PBXFileReference; lastKnownFileType = sourcecode.c.h; path = UICell_001.h; sourceTree = "<group>"; };
		8497B04124595DAA0020E5EC /* UICell_001.m */ = {isa = PBXFileReference; lastKnownFileType = sourcecode.c.objc; path = UICell_001.m; sourceTree = "<group>"; };
		84A746CE246E08A600829EFF /* CCUILayoutDemo04VC.h */ = {isa = PBXFileReference; lastKnownFileType = sourcecode.c.h; path = CCUILayoutDemo04VC.h; sourceTree = "<group>"; };
		84A746CF246E08A600829EFF /* CCUILayoutDemo04VC.m */ = {isa = PBXFileReference; lastKnownFileType = sourcecode.c.objc; path = CCUILayoutDemo04VC.m; sourceTree = "<group>"; };
		84A746D1246EA20E00829EFF /* CCUILayoutDebugView.h */ = {isa = PBXFileReference; lastKnownFileType = sourcecode.c.h; path = CCUILayoutDebugView.h; sourceTree = "<group>"; };
		84A746D2246EA20E00829EFF /* CCUILayoutDebugView.m */ = {isa = PBXFileReference; lastKnownFileType = sourcecode.c.objc; path = CCUILayoutDebugView.m; sourceTree = "<group>"; };
		84B0FB4924713F2200B5155A /* CCUILayoutBaseMode.h */ = {isa = PBXFileReference; lastKnownFileType = sourcecode.c.h; path = CCUILayoutBaseMode.h; sourceTree = "<group>"; };
		84B0FB4A24713F2300B5155A /* CCUILayoutBaseMode.m */ = {isa = PBXFileReference; lastKnownFileType = sourcecode.c.objc; path = CCUILayoutBaseMode.m; sourceTree = "<group>"; };
		84B0FB5A2471EC0D00B5155A /* CCSpeedyUnit_Header.h */ = {isa = PBXFileReference; fileEncoding = 4; lastKnownFileType = sourcecode.c.h; path = CCSpeedyUnit_Header.h; sourceTree = "<group>"; };
		84B0FB5C2471EC0D00B5155A /* CCSpeedyTool.h */ = {isa = PBXFileReference; fileEncoding = 4; lastKnownFileType = sourcecode.c.h; path = CCSpeedyTool.h; sourceTree = "<group>"; };
		84B0FB5D2471EC0D00B5155A /* CCSpeedyTool.m */ = {isa = PBXFileReference; fileEncoding = 4; lastKnownFileType = sourcecode.c.objc; path = CCSpeedyTool.m; sourceTree = "<group>"; };
		84B0FB612471EC0D00B5155A /* NSObject+ChangeLineSpaceAndWordSpace.h */ = {isa = PBXFileReference; fileEncoding = 4; lastKnownFileType = sourcecode.c.h; path = "NSObject+ChangeLineSpaceAndWordSpace.h"; sourceTree = "<group>"; };
		84B0FB622471EC0D00B5155A /* NSObject+ChangeLineSpaceAndWordSpace.m */ = {isa = PBXFileReference; fileEncoding = 4; lastKnownFileType = sourcecode.c.objc; path = "NSObject+ChangeLineSpaceAndWordSpace.m"; sourceTree = "<group>"; };
		84B0FB642471EC0D00B5155A /* NSObject+DynamicHeight.h */ = {isa = PBXFileReference; fileEncoding = 4; lastKnownFileType = sourcecode.c.h; path = "NSObject+DynamicHeight.h"; sourceTree = "<group>"; };
		84B0FB652471EC0D00B5155A /* NSObject+DynamicHeight.m */ = {isa = PBXFileReference; fileEncoding = 4; lastKnownFileType = sourcecode.c.objc; path = "NSObject+DynamicHeight.m"; sourceTree = "<group>"; };
		84B0FB672471EC0D00B5155A /* UIView+Category.m */ = {isa = PBXFileReference; fileEncoding = 4; lastKnownFileType = sourcecode.c.objc; path = "UIView+Category.m"; sourceTree = "<group>"; };
		84B0FB682471EC0D00B5155A /* UIView+Category.h */ = {isa = PBXFileReference; fileEncoding = 4; lastKnownFileType = sourcecode.c.h; path = "UIView+Category.h"; sourceTree = "<group>"; };
		84B0FB6D2471EC0D00B5155A /* CCImg_FL_LabBtn.m */ = {isa = PBXFileReference; fileEncoding = 4; lastKnownFileType = sourcecode.c.objc; path = CCImg_FL_LabBtn.m; sourceTree = "<group>"; };
		84B0FB6E2471EC0D00B5155A /* CCImg_FL_LabBtn.h */ = {isa = PBXFileReference; fileEncoding = 4; lastKnownFileType = sourcecode.c.h; path = CCImg_FL_LabBtn.h; sourceTree = "<group>"; };
		84BFE5892472BBD700FA3E06 /* WDZLoginCenterVC_WDZ.plist */ = {isa = PBXFileReference; fileEncoding = 4; lastKnownFileType = text.plist.xml; path = WDZLoginCenterVC_WDZ.plist; sourceTree = "<group>"; };
		84BFE58A2472BBD700FA3E06 /* WDZLoginCenterVC_WDZ_debug.plist */ = {isa = PBXFileReference; fileEncoding = 4; lastKnownFileType = text.plist.xml; path = WDZLoginCenterVC_WDZ_debug.plist; sourceTree = "<group>"; };
		84BFE58C2472BBD700FA3E06 /* WDZLoginCenterVC_debug.plist */ = {isa = PBXFileReference; fileEncoding = 4; lastKnownFileType = text.plist.xml; path = WDZLoginCenterVC_debug.plist; sourceTree = "<group>"; };
		84BFE58D2472BBD700FA3E06 /* WDZLoginCenterVC.plist */ = {isa = PBXFileReference; fileEncoding = 4; lastKnownFileType = text.plist.xml; path = WDZLoginCenterVC.plist; sourceTree = "<group>"; };
		84BFE58E2472BBD700FA3E06 /* CCUILayoutDemo07VC.h */ = {isa = PBXFileReference; fileEncoding = 4; lastKnownFileType = sourcecode.c.h; path = CCUILayoutDemo07VC.h; sourceTree = "<group>"; };
		84BFE58F2472BBD700FA3E06 /* CCUILayoutDemo07VC.m */ = {isa = PBXFileReference; fileEncoding = 4; lastKnownFileType = sourcecode.c.objc; path = CCUILayoutDemo07VC.m; sourceTree = "<group>"; };
		84BFE5912472BBD700FA3E06 /* WDZLoginCenterItem04.h */ = {isa = PBXFileReference; fileEncoding = 4; lastKnownFileType = sourcecode.c.h; path = WDZLoginCenterItem04.h; sourceTree = "<group>"; };
		84BFE5922472BBD700FA3E06 /* WDZLoginCenterItem02.m */ = {isa = PBXFileReference; fileEncoding = 4; lastKnownFileType = sourcecode.c.objc; path = WDZLoginCenterItem02.m; sourceTree = "<group>"; };
		84BFE5932472BBD700FA3E06 /* WDZLoginCenterItem06.m */ = {isa = PBXFileReference; fileEncoding = 4; lastKnownFileType = sourcecode.c.objc; path = WDZLoginCenterItem06.m; sourceTree = "<group>"; };
		84BFE5942472BBD700FA3E06 /* WDZLoginCenterItem00.h */ = {isa = PBXFileReference; fileEncoding = 4; lastKnownFileType = sourcecode.c.h; path = WDZLoginCenterItem00.h; sourceTree = "<group>"; };
		84BFE5952472BBD700FA3E06 /* WDZLoginCenterItem01.m */ = {isa = PBXFileReference; fileEncoding = 4; lastKnownFileType = sourcecode.c.objc; path = WDZLoginCenterItem01.m; sourceTree = "<group>"; };
		84BFE5962472BBD700FA3E06 /* WDZLoginCenterSegLine.m */ = {isa = PBXFileReference; fileEncoding = 4; lastKnownFileType = sourcecode.c.objc; path = WDZLoginCenterSegLine.m; sourceTree = "<group>"; };
		84BFE5972472BBD700FA3E06 /* WDZLoginCenterItem03.h */ = {isa = PBXFileReference; fileEncoding = 4; lastKnownFileType = sourcecode.c.h; path = WDZLoginCenterItem03.h; sourceTree = "<group>"; };
		84BFE5982472BBD700FA3E06 /* WDZLoginCenterItem05.m */ = {isa = PBXFileReference; fileEncoding = 4; lastKnownFileType = sourcecode.c.objc; path = WDZLoginCenterItem05.m; sourceTree = "<group>"; };
		84BFE5992472BBD700FA3E06 /* WDZLoginCenterItem00.m */ = {isa = PBXFileReference; fileEncoding = 4; lastKnownFileType = sourcecode.c.objc; path = WDZLoginCenterItem00.m; sourceTree = "<group>"; };
		84BFE59A2472BBD700FA3E06 /* WDZLoginCenterItem06.h */ = {isa = PBXFileReference; fileEncoding = 4; lastKnownFileType = sourcecode.c.h; path = WDZLoginCenterItem06.h; sourceTree = "<group>"; };
		84BFE59B2472BBD700FA3E06 /* WDZLoginCenterItem02.h */ = {isa = PBXFileReference; fileEncoding = 4; lastKnownFileType = sourcecode.c.h; path = WDZLoginCenterItem02.h; sourceTree = "<group>"; };
		84BFE59C2472BBD700FA3E06 /* WDZLoginCenterItem04.m */ = {isa = PBXFileReference; fileEncoding = 4; lastKnownFileType = sourcecode.c.objc; path = WDZLoginCenterItem04.m; sourceTree = "<group>"; };
		84BFE59D2472BBD700FA3E06 /* WDZLoginCenterItem05.h */ = {isa = PBXFileReference; fileEncoding = 4; lastKnownFileType = sourcecode.c.h; path = WDZLoginCenterItem05.h; sourceTree = "<group>"; };
		84BFE59E2472BBD700FA3E06 /* WDZLoginCenterItem03.m */ = {isa = PBXFileReference; fileEncoding = 4; lastKnownFileType = sourcecode.c.objc; path = WDZLoginCenterItem03.m; sourceTree = "<group>"; };
		84BFE59F2472BBD700FA3E06 /* WDZLoginCenterItem01.h */ = {isa = PBXFileReference; fileEncoding = 4; lastKnownFileType = sourcecode.c.h; path = WDZLoginCenterItem01.h; sourceTree = "<group>"; };
		84BFE5A02472BBD700FA3E06 /* WDZLoginCenterSegLine.h */ = {isa = PBXFileReference; fileEncoding = 4; lastKnownFileType = sourcecode.c.h; path = WDZLoginCenterSegLine.h; sourceTree = "<group>"; };
		84C7A085253AC4DA00C76C75 /* WDZWDZElectrContrDetailMain.h */ = {isa = PBXFileReference; lastKnownFileType = sourcecode.c.h; path = WDZWDZElectrContrDetailMain.h; sourceTree = "<group>"; };
		84C7A086253AC4DA00C76C75 /* WDZWDZElectrContrDetailMain.m */ = {isa = PBXFileReference; lastKnownFileType = sourcecode.c.objc; path = WDZWDZElectrContrDetailMain.m; sourceTree = "<group>"; };
		84C7A089253AC4F300C76C75 /* WDZWDZElectrContrDetailMain.plist */ = {isa = PBXFileReference; lastKnownFileType = text.plist.xml; path = WDZWDZElectrContrDetailMain.plist; sourceTree = "<group>"; };
		84C7A08C253AC52C00C76C75 /* WDZElectrContrDetailVedioHandleView.h */ = {isa = PBXFileReference; lastKnownFileType = sourcecode.c.h; path = WDZElectrContrDetailVedioHandleView.h; sourceTree = "<group>"; };
		84C7A08D253AC52C00C76C75 /* WDZElectrContrDetailVedioHandleView.m */ = {isa = PBXFileReference; lastKnownFileType = sourcecode.c.objc; path = WDZElectrContrDetailVedioHandleView.m; sourceTree = "<group>"; };
		84C7A08F253AC53D00C76C75 /* WDZElectrContrDetailVedioBarView.h */ = {isa = PBXFileReference; lastKnownFileType = sourcecode.c.h; path = WDZElectrContrDetailVedioBarView.h; sourceTree = "<group>"; };
		84C7A090253AC53D00C76C75 /* WDZElectrContrDetailVedioBarView.m */ = {isa = PBXFileReference; lastKnownFileType = sourcecode.c.objc; path = WDZElectrContrDetailVedioBarView.m; sourceTree = "<group>"; };
		84C7A095253AC56800C76C75 /* WDZElectrContrDetailActHeadView.h */ = {isa = PBXFileReference; lastKnownFileType = sourcecode.c.h; path = WDZElectrContrDetailActHeadView.h; sourceTree = "<group>"; };
		84C7A096253AC56800C76C75 /* WDZElectrContrDetailActHeadView.m */ = {isa = PBXFileReference; lastKnownFileType = sourcecode.c.objc; path = WDZElectrContrDetailActHeadView.m; sourceTree = "<group>"; };
		84C7A099253AC58600C76C75 /* WDZElectrContrDetailOrderInfoView.h */ = {isa = PBXFileReference; lastKnownFileType = sourcecode.c.h; path = WDZElectrContrDetailOrderInfoView.h; sourceTree = "<group>"; };
		84C7A09A253AC58600C76C75 /* WDZElectrContrDetailOrderInfoView.m */ = {isa = PBXFileReference; lastKnownFileType = sourcecode.c.objc; path = WDZElectrContrDetailOrderInfoView.m; sourceTree = "<group>"; };
		84C7A09D253AC59D00C76C75 /* WDZElectrContrDetailHistoryServeView.h */ = {isa = PBXFileReference; lastKnownFileType = sourcecode.c.h; path = WDZElectrContrDetailHistoryServeView.h; sourceTree = "<group>"; };
		84C7A09E253AC59D00C76C75 /* WDZElectrContrDetailHistoryServeView.m */ = {isa = PBXFileReference; lastKnownFileType = sourcecode.c.objc; path = WDZElectrContrDetailHistoryServeView.m; sourceTree = "<group>"; };
		84C7A0A3253AC98700C76C75 /* CCUILayoutDebugUiMode.m */ = {isa = PBXFileReference; fileEncoding = 4; lastKnownFileType = sourcecode.c.objc; path = CCUILayoutDebugUiMode.m; sourceTree = "<group>"; };
		84C7A0A4253AC98700C76C75 /* CCUILayoutDebugUiMode.h */ = {isa = PBXFileReference; fileEncoding = 4; lastKnownFileType = sourcecode.c.h; path = CCUILayoutDebugUiMode.h; sourceTree = "<group>"; };
		84C7A0A7253ACB1500C76C75 /* CCUILayoutBaseVC.m */ = {isa = PBXFileReference; fileEncoding = 4; lastKnownFileType = sourcecode.c.objc; path = CCUILayoutBaseVC.m; sourceTree = "<group>"; };
		84C7A0A8253ACB1500C76C75 /* CCUILayoutBaseTabVC.h */ = {isa = PBXFileReference; fileEncoding = 4; lastKnownFileType = sourcecode.c.h; path = CCUILayoutBaseTabVC.h; sourceTree = "<group>"; };
		84C7A0A9253ACB1500C76C75 /* CCUILayoutBaseView.m */ = {isa = PBXFileReference; fileEncoding = 4; lastKnownFileType = sourcecode.c.objc; path = CCUILayoutBaseView.m; sourceTree = "<group>"; };
		84C7A0AA253ACB1500C76C75 /* CCUILayoutBaseLogic.h */ = {isa = PBXFileReference; fileEncoding = 4; lastKnownFileType = sourcecode.c.h; path = CCUILayoutBaseLogic.h; sourceTree = "<group>"; };
		84C7A0AB253ACB1500C76C75 /* CCUILayoutBaseVC.h */ = {isa = PBXFileReference; fileEncoding = 4; lastKnownFileType = sourcecode.c.h; path = CCUILayoutBaseVC.h; sourceTree = "<group>"; };
		84C7A0AC253ACB1500C76C75 /* CCUILayoutBaseTabVC.m */ = {isa = PBXFileReference; fileEncoding = 4; lastKnownFileType = sourcecode.c.objc; path = CCUILayoutBaseTabVC.m; sourceTree = "<group>"; };
		84C7A0AD253ACB1500C76C75 /* CCUILayoutBaseLogic.m */ = {isa = PBXFileReference; fileEncoding = 4; lastKnownFileType = sourcecode.c.objc; path = CCUILayoutBaseLogic.m; sourceTree = "<group>"; };
		84C7A0AF253ACB1500C76C75 /* CCUILayoutSuperBaseCell.h */ = {isa = PBXFileReference; fileEncoding = 4; lastKnownFileType = sourcecode.c.h; path = CCUILayoutSuperBaseCell.h; sourceTree = "<group>"; };
		84C7A0B0253ACB1500C76C75 /* CCUILayoutSuperBaseView.h */ = {isa = PBXFileReference; fileEncoding = 4; lastKnownFileType = sourcecode.c.h; path = CCUILayoutSuperBaseView.h; sourceTree = "<group>"; };
		84C7A0B1253ACB1500C76C75 /* CCUILayoutSuperBaseCell.m */ = {isa = PBXFileReference; fileEncoding = 4; lastKnownFileType = sourcecode.c.objc; path = CCUILayoutSuperBaseCell.m; sourceTree = "<group>"; };
		84C7A0B2253ACB1500C76C75 /* CCUILayoutSuperBaseView.m */ = {isa = PBXFileReference; fileEncoding = 4; lastKnownFileType = sourcecode.c.objc; path = CCUILayoutSuperBaseView.m; sourceTree = "<group>"; };
		84C7A0B3253ACB1500C76C75 /* CCUILayoutBaseView.h */ = {isa = PBXFileReference; fileEncoding = 4; lastKnownFileType = sourcecode.c.h; path = CCUILayoutBaseView.h; sourceTree = "<group>"; };
		84C7A0C0253ACFB500C76C75 /* CCUILayoutSegLineView.h */ = {isa = PBXFileReference; lastKnownFileType = sourcecode.c.h; path = CCUILayoutSegLineView.h; sourceTree = "<group>"; };
		84C7A0C1253ACFB500C76C75 /* CCUILayoutSegLineView.m */ = {isa = PBXFileReference; lastKnownFileType = sourcecode.c.objc; path = CCUILayoutSegLineView.m; sourceTree = "<group>"; };
		84F6F260246D5E9C00724376 /* CCUILayoutConfig.h */ = {isa = PBXFileReference; lastKnownFileType = sourcecode.c.h; path = CCUILayoutConfig.h; sourceTree = "<group>"; };
		84F6F261246D5E9C00724376 /* CCUILayoutConfig.m */ = {isa = PBXFileReference; lastKnownFileType = sourcecode.c.objc; path = CCUILayoutConfig.m; sourceTree = "<group>"; };
		84F6F36E246D7A9200724376 /* CCUILayoutDemo03VC.h */ = {isa = PBXFileReference; lastKnownFileType = sourcecode.c.h; path = CCUILayoutDemo03VC.h; sourceTree = "<group>"; };
		84F6F36F246D7A9200724376 /* CCUILayoutDemo03VC.m */ = {isa = PBXFileReference; lastKnownFileType = sourcecode.c.objc; path = CCUILayoutDemo03VC.m; sourceTree = "<group>"; };
		84F6F520246E6C7900724376 /* FuncVC.plist */ = {isa = PBXFileReference; lastKnownFileType = text.plist.xml; path = FuncVC.plist; sourceTree = "<group>"; };
		84F6F527246E70BB00724376 /* FuncCELL.h */ = {isa = PBXFileReference; lastKnownFileType = sourcecode.c.h; path = FuncCELL.h; sourceTree = "<group>"; };
		84F6F528246E70BB00724376 /* FuncCELL.m */ = {isa = PBXFileReference; lastKnownFileType = sourcecode.c.objc; path = FuncCELL.m; sourceTree = "<group>"; };
		84F6F52A246E70DF00724376 /* FuncVC.h */ = {isa = PBXFileReference; lastKnownFileType = sourcecode.c.h; path = FuncVC.h; sourceTree = "<group>"; };
		84F6F52B246E70DF00724376 /* FuncVC.m */ = {isa = PBXFileReference; lastKnownFileType = sourcecode.c.objc; path = FuncVC.m; sourceTree = "<group>"; };
		84F6F62B2472522100724376 /* NSObject+AutoKvo.h */ = {isa = PBXFileReference; fileEncoding = 4; lastKnownFileType = sourcecode.c.h; path = "NSObject+AutoKvo.h"; sourceTree = "<group>"; };
		84F6F62C2472522100724376 /* NSObject+AutoKvo.m */ = {isa = PBXFileReference; fileEncoding = 4; lastKnownFileType = sourcecode.c.objc; path = "NSObject+AutoKvo.m"; sourceTree = "<group>"; };
		84F6F63024725C2F00724376 /* CCUILayoutDemo05VC.h */ = {isa = PBXFileReference; lastKnownFileType = sourcecode.c.h; path = CCUILayoutDemo05VC.h; sourceTree = "<group>"; };
		84F6F63124725C2F00724376 /* CCUILayoutDemo05VC.m */ = {isa = PBXFileReference; lastKnownFileType = sourcecode.c.objc; path = CCUILayoutDemo05VC.m; sourceTree = "<group>"; };
		84F6F63324725C4900724376 /* CCUILayoutDemo06VC.h */ = {isa = PBXFileReference; lastKnownFileType = sourcecode.c.h; path = CCUILayoutDemo06VC.h; sourceTree = "<group>"; };
		84F6F63424725C4900724376 /* CCUILayoutDemo06VC.m */ = {isa = PBXFileReference; lastKnownFileType = sourcecode.c.objc; path = CCUILayoutDemo06VC.m; sourceTree = "<group>"; };
		84F6F63724725FE300724376 /* Demo06View.h */ = {isa = PBXFileReference; lastKnownFileType = sourcecode.c.h; path = Demo06View.h; sourceTree = "<group>"; };
		84F6F63824725FE300724376 /* Demo06View.m */ = {isa = PBXFileReference; lastKnownFileType = sourcecode.c.objc; path = Demo06View.m; sourceTree = "<group>"; };
		84F6F63A24725FEE00724376 /* Demo05View.h */ = {isa = PBXFileReference; lastKnownFileType = sourcecode.c.h; path = Demo05View.h; sourceTree = "<group>"; };
		84F6F63B24725FEE00724376 /* Demo05View.m */ = {isa = PBXFileReference; lastKnownFileType = sourcecode.c.objc; path = Demo05View.m; sourceTree = "<group>"; };
		84F6F63F2472601700724376 /* Demo05View.plist */ = {isa = PBXFileReference; lastKnownFileType = text.plist.xml; path = Demo05View.plist; sourceTree = "<group>"; };
		B70736BA030169043A5F4CE2 /* Pods_CCUILayout.framework */ = {isa = PBXFileReference; explicitFileType = wrapper.framework; includeInIndex = 0; path = Pods_CCUILayout.framework; sourceTree = BUILT_PRODUCTS_DIR; };
		EB4E9C3617A582B9EA64D4A0 /* Pods-CCUILayout.release.xcconfig */ = {isa = PBXFileReference; includeInIndex = 1; lastKnownFileType = text.xcconfig; name = "Pods-CCUILayout.release.xcconfig"; path = "Target Support Files/Pods-CCUILayout/Pods-CCUILayout.release.xcconfig"; sourceTree = "<group>"; };
/* End PBXFileReference section */

/* Begin PBXFrameworksBuildPhase section */
		8497AA6324591F9A0020E5EC /* Frameworks */ = {
			isa = PBXFrameworksBuildPhase;
			buildActionMask = 2147483647;
			files = (
				0DBD570379A6F2F5BCFCF0E6 /* Pods_CCUILayout.framework in Frameworks */,
			);
			runOnlyForDeploymentPostprocessing = 0;
		};
/* End PBXFrameworksBuildPhase section */

/* Begin PBXGroup section */
		0E802A4DADE0FF13A9E31E8B /* Frameworks */ = {
			isa = PBXGroup;
			children = (
				B70736BA030169043A5F4CE2 /* Pods_CCUILayout.framework */,
			);
			name = Frameworks;
			sourceTree = "<group>";
		};
		4F4901B2150B5C3457952E2E /* Pods */ = {
			isa = PBXGroup;
			children = (
				4870CD6AC8D4C8D666194833 /* Pods-CCUILayout.debug.xcconfig */,
				EB4E9C3617A582B9EA64D4A0 /* Pods-CCUILayout.release.xcconfig */,
			);
			path = Pods;
			sourceTree = "<group>";
		};
		8407100324626083000C9697 /* Item */ = {
			isa = PBXGroup;
			children = (
				8407100924626083000C9697 /* WDZMyInfoItem00.h */,
				8407100524626083000C9697 /* WDZMyInfoItem00.m */,
				8407100424626083000C9697 /* WDZMyInfoItem01.h */,
				8407100724626083000C9697 /* WDZMyInfoItem01.m */,
				8407100824626083000C9697 /* WDZMyInfoSegLine.h */,
				8407100624626083000C9697 /* WDZMyInfoSegLine.m */,
			);
			path = Item;
			sourceTree = "<group>";
		};
		843E2CE8245A9C4400A1DFD8 /* demo02 */ = {
			isa = PBXGroup;
			children = (
				8407100324626083000C9697 /* Item */,
				843E2CEE245A9D7500A1DFD8 /* CCUILayoutDemo02VC.plist */,
				84070F8A245AC722000C9697 /* CCUILayoutDemo02VC_debug.plist */,
				843E2CE9245A9CE000A1DFD8 /* CCUILayoutDemo02VC.h */,
				843E2CEA245A9CE000A1DFD8 /* CCUILayoutDemo02VC.m */,
			);
			path = demo02;
			sourceTree = "<group>";
		};
		84480576253AC1F4004C1AC7 /* CCUIShowFPS */ = {
			isa = PBXGroup;
			children = (
				84480577253AC1F4004C1AC7 /* CCUIShowFPS.h */,
				84480578253AC1F4004C1AC7 /* CCUIShowFPS.m */,
			);
			path = CCUIShowFPS;
			sourceTree = "<group>";
		};
		8448057A253AC326004C1AC7 /* CCUITimeChLine */ = {
			isa = PBXGroup;
			children = (
				84480581253AC326004C1AC7 /* CCUITimeChLine_Enum.h */,
				8448057C253AC326004C1AC7 /* CCUITimeChLine_Header.h */,
				84480582253AC326004C1AC7 /* CCUITimeChLine_Static.h */,
				84480583253AC326004C1AC7 /* CCUITimeChLine.h */,
				8448057B253AC326004C1AC7 /* CCUITimeChLine.m */,
				8448057D253AC326004C1AC7 /* CCUITimeChLineUM.h */,
				84480584253AC326004C1AC7 /* CCUITimeChLineUM.m */,
				84480580253AC326004C1AC7 /* CCUITimeLine.h */,
				84480587253AC326004C1AC7 /* CCUITimeLine.m */,
				84480585253AC326004C1AC7 /* CCUITimeLineCell.h */,
				8448057F253AC326004C1AC7 /* CCUITimeLineCell.m */,
				8448057E253AC326004C1AC7 /* CCUITimeLineCellMode.h */,
				84480586253AC326004C1AC7 /* CCUITimeLineCellMode.m */,
			);
			name = CCUITimeChLine;
			path = "../../日常VIEW/CCUIView/CCUIView/static<静止的>/For_Code/VIEW/UIView/UIView_025/CCUITimeChLine";
			sourceTree = "<group>";
		};
		8448058D253AC340004C1AC7 /* demo08<电子控工页面调优模拟> */ = {
			isa = PBXGroup;
			children = (
				84480592253AC3DC004C1AC7 /* View */,
				84480591253AC3D3004C1AC7 /* VC */,
			);
			path = "demo08<电子控工页面调优模拟>";
			sourceTree = "<group>";
		};
		84480591253AC3D3004C1AC7 /* VC */ = {
			isa = PBXGroup;
			children = (
				8448058E253AC374004C1AC7 /* CCUILayoutDemo08VC.h */,
				8448058F253AC374004C1AC7 /* CCUILayoutDemo08VC.m */,
			);
			path = VC;
			sourceTree = "<group>";
		};
		84480592253AC3DC004C1AC7 /* View */ = {
			isa = PBXGroup;
			children = (
				84C7A08B253AC51400C76C75 /* subviews */,
				84C7A089253AC4F300C76C75 /* WDZWDZElectrContrDetailMain.plist */,
				84C7A085253AC4DA00C76C75 /* WDZWDZElectrContrDetailMain.h */,
				84C7A086253AC4DA00C76C75 /* WDZWDZElectrContrDetailMain.m */,
			);
			path = View;
			sourceTree = "<group>";
		};
		8497AA5D24591F9A0020E5EC = {
			isa = PBXGroup;
			children = (
				8448057A253AC326004C1AC7 /* CCUITimeChLine */,
				8497AA6824591F9A0020E5EC /* CCUILayout */,
				84480576253AC1F4004C1AC7 /* CCUIShowFPS */,
				8497AA82245921D40020E5EC /* OTHER */,
				84A746CD246E085600829EFF /* demo */,
				8497AA6724591F9A0020E5EC /* Products */,
				4F4901B2150B5C3457952E2E /* Pods */,
				0E802A4DADE0FF13A9E31E8B /* Frameworks */,
			);
			sourceTree = "<group>";
		};
		8497AA6724591F9A0020E5EC /* Products */ = {
			isa = PBXGroup;
			children = (
				8497AA6624591F9A0020E5EC /* CCUILayout.app */,
			);
			name = Products;
			sourceTree = "<group>";
		};
		8497AA6824591F9A0020E5EC /* CCUILayout */ = {
			isa = PBXGroup;
			children = (
				84B0FB582471EC0D00B5155A /* Unit */,
				8497AA83245921FB0020E5EC /* CCUILayoutTool */,
				84090F0E24F5070700B1A552 /* README.md */,
			);
			path = CCUILayout;
			sourceTree = "<group>";
		};
		8497AA82245921D40020E5EC /* OTHER */ = {
			isa = PBXGroup;
			children = (
				8497AA6F24591F9A0020E5EC /* ViewController.h */,
				8497AA7024591F9A0020E5EC /* ViewController.m */,
				84F6F522246E6CB300724376 /* FuncVC */,
				8497AA6924591F9A0020E5EC /* AppDelegate.h */,
				8497AA6A24591F9A0020E5EC /* AppDelegate.m */,
				8497AA6C24591F9A0020E5EC /* SceneDelegate.h */,
				8497AA6D24591F9A0020E5EC /* SceneDelegate.m */,
				8497AA7224591F9A0020E5EC /* Main.storyboard */,
				8497AA7524591F9B0020E5EC /* Assets.xcassets */,
				8497AA7724591F9B0020E5EC /* LaunchScreen.storyboard */,
				8497AA7A24591F9B0020E5EC /* Info.plist */,
				8497AA7B24591F9B0020E5EC /* main.m */,
			);
			path = OTHER;
			sourceTree = "<group>";
		};
		8497AA83245921FB0020E5EC /* CCUILayoutTool */ = {
			isa = PBXGroup;
			children = (
				84C7A0A6253ACB1500C76C75 /* Base */,
				8497B02B24594E4F0020E5EC /* View */,
				8497B02A24594E470020E5EC /* Mode */,
				8497B02124594A400020E5EC /* Unit */,
				8497B02624594DFC0020E5EC /* CCUILayoutToolHeader.h */,
			);
			path = CCUILayoutTool;
			sourceTree = "<group>";
		};
		8497B02124594A400020E5EC /* Unit */ = {
			isa = PBXGroup;
			children = (
				84F6F25F246D5E8C00724376 /* ConfigUnit */,
				8497B02224594A510020E5EC /* MacroUnit */,
			);
			path = Unit;
			sourceTree = "<group>";
		};
		8497B02224594A510020E5EC /* MacroUnit */ = {
			isa = PBXGroup;
			children = (
				8497B02524594AE50020E5EC /* CCUILayout_Unit_Header.h */,
				84070F8C245AC797000C9697 /* CCUILayout_Debug.h */,
				843E2D12245AA98900A1DFD8 /* CCUILayout_Block.h */,
				843E2CF8245AA53D00A1DFD8 /* CCUILayout_Font.h */,
				84070F8D245ACA2B000C9697 /* CCUILayout_Color.h */,
				84070F8E245ACAE1000C9697 /* CCUILayout_Func.h */,
				8407101D24626680000C9697 /* CCUILayout_Enum.h */,
			);
			path = MacroUnit;
			sourceTree = "<group>";
		};
		8497B02A24594E470020E5EC /* Mode */ = {
			isa = PBXGroup;
			children = (
				84C7A0A4253AC98700C76C75 /* CCUILayoutDebugUiMode.h */,
				84C7A0A3253AC98700C76C75 /* CCUILayoutDebugUiMode.m */,
				8497B01B245948680020E5EC /* CCUILayoutUiMode.h */,
				8497B01C245948680020E5EC /* CCUILayoutUiMode.m */,
				84B0FB4924713F2200B5155A /* CCUILayoutBaseMode.h */,
				84B0FB4A24713F2300B5155A /* CCUILayoutBaseMode.m */,
			);
			path = Mode;
			sourceTree = "<group>";
		};
		8497B02B24594E4F0020E5EC /* View */ = {
			isa = PBXGroup;
			children = (
				8497B01E245949D70020E5EC /* CCUILayoutCell.h */,
				8497B01F245949D70020E5EC /* CCUILayoutCell.m */,
				8497B02724594E3F0020E5EC /* CCUILayoutView.h */,
				8497B02824594E3F0020E5EC /* CCUILayoutView.m */,
				84C7A0C0253ACFB500C76C75 /* CCUILayoutSegLineView.h */,
				84C7A0C1253ACFB500C76C75 /* CCUILayoutSegLineView.m */,
				84A746D1246EA20E00829EFF /* CCUILayoutDebugView.h */,
				84A746D2246EA20E00829EFF /* CCUILayoutDebugView.m */,
			);
			path = View;
			sourceTree = "<group>";
		};
		8497B02D2459539D0020E5EC /* dmeo01 */ = {
			isa = PBXGroup;
			children = (
				8497B0312459556F0020E5EC /* VIEW */,
				8497B03924595AD70020E5EC /* CELL */,
				843E13BC2459A48200A1DFD8 /* CCUILayoutDemo01VC_debug.plist */,
				843E13BB2459A48200A1DFD8 /* CCUILayoutDemo01VC.plist */,
				8497B02E245953D70020E5EC /* CCUILayoutDemo01VC.h */,
				8497B02F245953D70020E5EC /* CCUILayoutDemo01VC.m */,
			);
			path = dmeo01;
			sourceTree = "<group>";
		};
		8497B0312459556F0020E5EC /* VIEW */ = {
			isa = PBXGroup;
			children = (
				8497B0362459563D0020E5EC /* UIView_000.h */,
				8497B0372459563D0020E5EC /* UIView_000.m */,
				8497B03A24595AFC0020E5EC /* UIView_001.h */,
				8497B03B24595AFC0020E5EC /* UIView_001.m */,
			);
			path = VIEW;
			sourceTree = "<group>";
		};
		8497B03924595AD70020E5EC /* CELL */ = {
			isa = PBXGroup;
			children = (
				8497B03D24595DA10020E5EC /* UICell_000.h */,
				8497B03E24595DA10020E5EC /* UICell_000.m */,
				8497B04024595DAA0020E5EC /* UICell_001.h */,
				8497B04124595DAA0020E5EC /* UICell_001.m */,
			);
			path = CELL;
			sourceTree = "<group>";
		};
		84A746CC246E084D00829EFF /* demo04 */ = {
			isa = PBXGroup;
			children = (
				84A746CE246E08A600829EFF /* CCUILayoutDemo04VC.h */,
				84A746CF246E08A600829EFF /* CCUILayoutDemo04VC.m */,
			);
			path = demo04;
			sourceTree = "<group>";
		};
		84A746CD246E085600829EFF /* demo */ = {
			isa = PBXGroup;
			children = (
				8448058D253AC340004C1AC7 /* demo08<电子控工页面调优模拟> */,
				84BFE5852472BBD700FA3E06 /* demo07<一个没有写完的案例> */,
				84F6F62F24725C1200724376 /* demo06 */,
				84F6F62E24725C0C00724376 /* demo05 */,
				84A746CC246E084D00829EFF /* demo04 */,
				84F6F36D246D7A6500724376 /* demo03 */,
				843E2CE8245A9C4400A1DFD8 /* demo02 */,
				8497B02D2459539D0020E5EC /* dmeo01 */,
			);
			path = demo;
			sourceTree = "<group>";
		};
		84B0FB582471EC0D00B5155A /* Unit */ = {
			isa = PBXGroup;
			children = (
				84B0FB592471EC0D00B5155A /* CCSpeedyUnit */,
			);
			path = Unit;
			sourceTree = "<group>";
		};
		84B0FB592471EC0D00B5155A /* CCSpeedyUnit */ = {
			isa = PBXGroup;
			children = (
				84B0FB5A2471EC0D00B5155A /* CCSpeedyUnit_Header.h */,
				84B0FB5B2471EC0D00B5155A /* CCSpeedyTool */,
				84B0FB5E2471EC0D00B5155A /* CCCategory */,
				84B0FB6C2471EC0D00B5155A /* CCImgLabBtn */,
			);
			path = CCSpeedyUnit;
			sourceTree = "<group>";
		};
		84B0FB5B2471EC0D00B5155A /* CCSpeedyTool */ = {
			isa = PBXGroup;
			children = (
				84B0FB5C2471EC0D00B5155A /* CCSpeedyTool.h */,
				84B0FB5D2471EC0D00B5155A /* CCSpeedyTool.m */,
			);
			path = CCSpeedyTool;
			sourceTree = "<group>";
		};
		84B0FB5E2471EC0D00B5155A /* CCCategory */ = {
			isa = PBXGroup;
			children = (
				84B0FB5F2471EC0D00B5155A /* UILable */,
				84B0FB662471EC0D00B5155A /* UIView */,
				84B0FB692471EC0D00B5155A /* AutoKvo */,
			);
			path = CCCategory;
			sourceTree = "<group>";
		};
		84B0FB5F2471EC0D00B5155A /* UILable */ = {
			isa = PBXGroup;
			children = (
				84B0FB602471EC0D00B5155A /* UILable+ChangeLineSpaceAndWordSpace */,
				84B0FB632471EC0D00B5155A /* UILable+DynamicHeight */,
			);
			path = UILable;
			sourceTree = "<group>";
		};
		84B0FB602471EC0D00B5155A /* UILable+ChangeLineSpaceAndWordSpace */ = {
			isa = PBXGroup;
			children = (
				84B0FB612471EC0D00B5155A /* NSObject+ChangeLineSpaceAndWordSpace.h */,
				84B0FB622471EC0D00B5155A /* NSObject+ChangeLineSpaceAndWordSpace.m */,
			);
			path = "UILable+ChangeLineSpaceAndWordSpace";
			sourceTree = "<group>";
		};
		84B0FB632471EC0D00B5155A /* UILable+DynamicHeight */ = {
			isa = PBXGroup;
			children = (
				84B0FB642471EC0D00B5155A /* NSObject+DynamicHeight.h */,
				84B0FB652471EC0D00B5155A /* NSObject+DynamicHeight.m */,
			);
			path = "UILable+DynamicHeight";
			sourceTree = "<group>";
		};
		84B0FB662471EC0D00B5155A /* UIView */ = {
			isa = PBXGroup;
			children = (
				84B0FB672471EC0D00B5155A /* UIView+Category.m */,
				84B0FB682471EC0D00B5155A /* UIView+Category.h */,
			);
			path = UIView;
			sourceTree = "<group>";
		};
		84B0FB692471EC0D00B5155A /* AutoKvo */ = {
			isa = PBXGroup;
			children = (
				84F6F62B2472522100724376 /* NSObject+AutoKvo.h */,
				84F6F62C2472522100724376 /* NSObject+AutoKvo.m */,
			);
			path = AutoKvo;
			sourceTree = "<group>";
		};
		84B0FB6C2471EC0D00B5155A /* CCImgLabBtn */ = {
			isa = PBXGroup;
			children = (
				84B0FB6D2471EC0D00B5155A /* CCImg_FL_LabBtn.m */,
				84B0FB6E2471EC0D00B5155A /* CCImg_FL_LabBtn.h */,
			);
			path = CCImgLabBtn;
			sourceTree = "<group>";
		};
		84BFE5852472BBD700FA3E06 /* demo07<一个没有写完的案例> */ = {
			isa = PBXGroup;
			children = (
				84BFE5862472BBD700FA3E06 /* VC */,
				84BFE5902472BBD700FA3E06 /* Item */,
				84BFE5A12472BBD700FA3E06 /* ViewMode */,
			);
			path = "demo07<一个没有写完的案例>";
			sourceTree = "<group>";
		};
		84BFE5862472BBD700FA3E06 /* VC */ = {
			isa = PBXGroup;
			children = (
				84BFE5872472BBD700FA3E06 /* config */,
				84BFE58E2472BBD700FA3E06 /* CCUILayoutDemo07VC.h */,
				84BFE58F2472BBD700FA3E06 /* CCUILayoutDemo07VC.m */,
			);
			path = VC;
			sourceTree = "<group>";
		};
		84BFE5872472BBD700FA3E06 /* config */ = {
			isa = PBXGroup;
			children = (
				84BFE5882472BBD700FA3E06 /* WDZ */,
				84BFE58B2472BBD700FA3E06 /* DEFAULT<默认配置> */,
			);
			path = config;
			sourceTree = "<group>";
		};
		84BFE5882472BBD700FA3E06 /* WDZ */ = {
			isa = PBXGroup;
			children = (
				84BFE5892472BBD700FA3E06 /* WDZLoginCenterVC_WDZ.plist */,
				84BFE58A2472BBD700FA3E06 /* WDZLoginCenterVC_WDZ_debug.plist */,
			);
			path = WDZ;
			sourceTree = "<group>";
		};
		84BFE58B2472BBD700FA3E06 /* DEFAULT<默认配置> */ = {
			isa = PBXGroup;
			children = (
				84BFE58C2472BBD700FA3E06 /* WDZLoginCenterVC_debug.plist */,
				84BFE58D2472BBD700FA3E06 /* WDZLoginCenterVC.plist */,
			);
			path = "DEFAULT<默认配置>";
			sourceTree = "<group>";
		};
		84BFE5902472BBD700FA3E06 /* Item */ = {
			isa = PBXGroup;
			children = (
				84BFE5912472BBD700FA3E06 /* WDZLoginCenterItem04.h */,
				84BFE5922472BBD700FA3E06 /* WDZLoginCenterItem02.m */,
				84BFE5932472BBD700FA3E06 /* WDZLoginCenterItem06.m */,
				84BFE5942472BBD700FA3E06 /* WDZLoginCenterItem00.h */,
				84BFE5952472BBD700FA3E06 /* WDZLoginCenterItem01.m */,
				84BFE5962472BBD700FA3E06 /* WDZLoginCenterSegLine.m */,
				84BFE5972472BBD700FA3E06 /* WDZLoginCenterItem03.h */,
				84BFE5982472BBD700FA3E06 /* WDZLoginCenterItem05.m */,
				84BFE5992472BBD700FA3E06 /* WDZLoginCenterItem00.m */,
				84BFE59A2472BBD700FA3E06 /* WDZLoginCenterItem06.h */,
				84BFE59B2472BBD700FA3E06 /* WDZLoginCenterItem02.h */,
				84BFE59C2472BBD700FA3E06 /* WDZLoginCenterItem04.m */,
				84BFE59D2472BBD700FA3E06 /* WDZLoginCenterItem05.h */,
				84BFE59E2472BBD700FA3E06 /* WDZLoginCenterItem03.m */,
				84BFE59F2472BBD700FA3E06 /* WDZLoginCenterItem01.h */,
				84BFE5A02472BBD700FA3E06 /* WDZLoginCenterSegLine.h */,
			);
			path = Item;
			sourceTree = "<group>";
		};
		84BFE5A12472BBD700FA3E06 /* ViewMode */ = {
			isa = PBXGroup;
			children = (
			);
			path = ViewMode;
			sourceTree = "<group>";
		};
		84C7A08B253AC51400C76C75 /* subviews */ = {
			isa = PBXGroup;
			children = (
				84C7A09C253AC59200C76C75 /* history */,
				84C7A098253AC57800C76C75 /* orderInfo */,
				84C7A094253AC55D00C76C75 /* actHeader */,
				84C7A093253AC54800C76C75 /* bar */,
				84C7A092253AC54000C76C75 /* handle */,
			);
			path = subviews;
			sourceTree = "<group>";
		};
		84C7A092253AC54000C76C75 /* handle */ = {
			isa = PBXGroup;
			children = (
				84C7A08C253AC52C00C76C75 /* WDZElectrContrDetailVedioHandleView.h */,
				84C7A08D253AC52C00C76C75 /* WDZElectrContrDetailVedioHandleView.m */,
			);
			path = handle;
			sourceTree = "<group>";
		};
		84C7A093253AC54800C76C75 /* bar */ = {
			isa = PBXGroup;
			children = (
				84C7A08F253AC53D00C76C75 /* WDZElectrContrDetailVedioBarView.h */,
				84C7A090253AC53D00C76C75 /* WDZElectrContrDetailVedioBarView.m */,
			);
			path = bar;
			sourceTree = "<group>";
		};
		84C7A094253AC55D00C76C75 /* actHeader */ = {
			isa = PBXGroup;
			children = (
				84C7A095253AC56800C76C75 /* WDZElectrContrDetailActHeadView.h */,
				84C7A096253AC56800C76C75 /* WDZElectrContrDetailActHeadView.m */,
			);
			path = actHeader;
			sourceTree = "<group>";
		};
		84C7A098253AC57800C76C75 /* orderInfo */ = {
			isa = PBXGroup;
			children = (
				84C7A099253AC58600C76C75 /* WDZElectrContrDetailOrderInfoView.h */,
				84C7A09A253AC58600C76C75 /* WDZElectrContrDetailOrderInfoView.m */,
			);
			path = orderInfo;
			sourceTree = "<group>";
		};
		84C7A09C253AC59200C76C75 /* history */ = {
			isa = PBXGroup;
			children = (
				84C7A09D253AC59D00C76C75 /* WDZElectrContrDetailHistoryServeView.h */,
				84C7A09E253AC59D00C76C75 /* WDZElectrContrDetailHistoryServeView.m */,
			);
			path = history;
			sourceTree = "<group>";
		};
		84C7A0A6253ACB1500C76C75 /* Base */ = {
			isa = PBXGroup;
			children = (
				84C7A0A8253ACB1500C76C75 /* CCUILayoutBaseTabVC.h */,
				84C7A0AC253ACB1500C76C75 /* CCUILayoutBaseTabVC.m */,
				84C7A0AA253ACB1500C76C75 /* CCUILayoutBaseLogic.h */,
				84C7A0AD253ACB1500C76C75 /* CCUILayoutBaseLogic.m */,
				84C7A0AB253ACB1500C76C75 /* CCUILayoutBaseVC.h */,
				84C7A0A7253ACB1500C76C75 /* CCUILayoutBaseVC.m */,
				84C7A0B3253ACB1500C76C75 /* CCUILayoutBaseView.h */,
				84C7A0A9253ACB1500C76C75 /* CCUILayoutBaseView.m */,
				84C7A0AE253ACB1500C76C75 /* superBase */,
			);
			path = Base;
			sourceTree = "<group>";
		};
		84C7A0AE253ACB1500C76C75 /* superBase */ = {
			isa = PBXGroup;
			children = (
				84C7A0AF253ACB1500C76C75 /* CCUILayoutSuperBaseCell.h */,
				84C7A0B0253ACB1500C76C75 /* CCUILayoutSuperBaseView.h */,
				84C7A0B1253ACB1500C76C75 /* CCUILayoutSuperBaseCell.m */,
				84C7A0B2253ACB1500C76C75 /* CCUILayoutSuperBaseView.m */,
			);
			path = superBase;
			sourceTree = "<group>";
		};
		84F6F25F246D5E8C00724376 /* ConfigUnit */ = {
			isa = PBXGroup;
			children = (
				84F6F260246D5E9C00724376 /* CCUILayoutConfig.h */,
				84F6F261246D5E9C00724376 /* CCUILayoutConfig.m */,
			);
			path = ConfigUnit;
			sourceTree = "<group>";
		};
		84F6F36D246D7A6500724376 /* demo03 */ = {
			isa = PBXGroup;
			children = (
				84F6F36E246D7A9200724376 /* CCUILayoutDemo03VC.h */,
				84F6F36F246D7A9200724376 /* CCUILayoutDemo03VC.m */,
			);
			path = demo03;
			sourceTree = "<group>";
		};
		84F6F522246E6CB300724376 /* FuncVC */ = {
			isa = PBXGroup;
			children = (
				84F6F523246E6CBD00724376 /* CELL */,
				84F6F520246E6C7900724376 /* FuncVC.plist */,
				84F6F52A246E70DF00724376 /* FuncVC.h */,
				84F6F52B246E70DF00724376 /* FuncVC.m */,
			);
			path = FuncVC;
			sourceTree = "<group>";
		};
		84F6F523246E6CBD00724376 /* CELL */ = {
			isa = PBXGroup;
			children = (
				84F6F527246E70BB00724376 /* FuncCELL.h */,
				84F6F528246E70BB00724376 /* FuncCELL.m */,
			);
			path = CELL;
			sourceTree = "<group>";
		};
		84F6F62E24725C0C00724376 /* demo05 */ = {
			isa = PBXGroup;
			children = (
				84F6F6412472601C00724376 /* VIEW */,
				84F6F63024725C2F00724376 /* CCUILayoutDemo05VC.h */,
				84F6F63124725C2F00724376 /* CCUILayoutDemo05VC.m */,
			);
			path = demo05;
			sourceTree = "<group>";
		};
		84F6F62F24725C1200724376 /* demo06 */ = {
			isa = PBXGroup;
			children = (
				84F6F63624725FC000724376 /* VIEW */,
				84F6F63324725C4900724376 /* CCUILayoutDemo06VC.h */,
				84F6F63424725C4900724376 /* CCUILayoutDemo06VC.m */,
			);
			path = demo06;
			sourceTree = "<group>";
		};
		84F6F63624725FC000724376 /* VIEW */ = {
			isa = PBXGroup;
			children = (
				84F6F63724725FE300724376 /* Demo06View.h */,
				84F6F63824725FE300724376 /* Demo06View.m */,
			);
			path = VIEW;
			sourceTree = "<group>";
		};
		84F6F6412472601C00724376 /* VIEW */ = {
			isa = PBXGroup;
			children = (
				84F6F63A24725FEE00724376 /* Demo05View.h */,
				84F6F63B24725FEE00724376 /* Demo05View.m */,
				84F6F63F2472601700724376 /* Demo05View.plist */,
			);
			path = VIEW;
			sourceTree = "<group>";
		};
/* End PBXGroup section */

/* Begin PBXNativeTarget section */
		8497AA6524591F9A0020E5EC /* CCUILayout */ = {
			isa = PBXNativeTarget;
			buildConfigurationList = 8497AA7F24591F9B0020E5EC /* Build configuration list for PBXNativeTarget "CCUILayout" */;
			buildPhases = (
				D53352971684C19F4E573BA0 /* [CP] Check Pods Manifest.lock */,
				8497AA6224591F9A0020E5EC /* Sources */,
				8497AA6324591F9A0020E5EC /* Frameworks */,
				8497AA6424591F9A0020E5EC /* Resources */,
				E5106CAC3917CFA70A3CE7CC /* [CP] Embed Pods Frameworks */,
			);
			buildRules = (
			);
			dependencies = (
			);
			name = CCUILayout;
			productName = CCUILayout;
			productReference = 8497AA6624591F9A0020E5EC /* CCUILayout.app */;
			productType = "com.apple.product-type.application";
		};
/* End PBXNativeTarget section */

/* Begin PBXProject section */
		8497AA5E24591F9A0020E5EC /* Project object */ = {
			isa = PBXProject;
			attributes = {
				LastUpgradeCheck = 1130;
				ORGANIZATIONNAME = Admin;
				TargetAttributes = {
					8497AA6524591F9A0020E5EC = {
						CreatedOnToolsVersion = 11.3;
					};
				};
			};
			buildConfigurationList = 8497AA6124591F9A0020E5EC /* Build configuration list for PBXProject "CCUILayout" */;
			compatibilityVersion = "Xcode 9.3";
			developmentRegion = en;
			hasScannedForEncodings = 0;
			knownRegions = (
				en,
				Base,
			);
			mainGroup = 8497AA5D24591F9A0020E5EC;
			productRefGroup = 8497AA6724591F9A0020E5EC /* Products */;
			projectDirPath = "";
			projectRoot = "";
			targets = (
				8497AA6524591F9A0020E5EC /* CCUILayout */,
			);
		};
/* End PBXProject section */

/* Begin PBXResourcesBuildPhase section */
		8497AA6424591F9A0020E5EC /* Resources */ = {
			isa = PBXResourcesBuildPhase;
			buildActionMask = 2147483647;
			files = (
				843E2CEF245A9D7500A1DFD8 /* CCUILayoutDemo02VC.plist in Resources */,
				843E13BD2459A48200A1DFD8 /* CCUILayoutDemo01VC.plist in Resources */,
				84BFE5A22472BBD700FA3E06 /* WDZLoginCenterVC_WDZ.plist in Resources */,
				8497AA7924591F9B0020E5EC /* LaunchScreen.storyboard in Resources */,
				84BFE5A42472BBD700FA3E06 /* WDZLoginCenterVC_debug.plist in Resources */,
				84BFE5A32472BBD700FA3E06 /* WDZLoginCenterVC_WDZ_debug.plist in Resources */,
				8497AA7624591F9B0020E5EC /* Assets.xcassets in Resources */,
				84C7A08A253AC4F300C76C75 /* WDZWDZElectrContrDetailMain.plist in Resources */,
				84BFE5A52472BBD700FA3E06 /* WDZLoginCenterVC.plist in Resources */,
				843E13BE2459A48200A1DFD8 /* CCUILayoutDemo01VC_debug.plist in Resources */,
				84F6F521246E6C7900724376 /* FuncVC.plist in Resources */,
				84090F0F24F5070700B1A552 /* README.md in Resources */,
				84F6F6402472601700724376 /* Demo05View.plist in Resources */,
				84070F8B245AC722000C9697 /* CCUILayoutDemo02VC_debug.plist in Resources */,
				8497AA7424591F9A0020E5EC /* Main.storyboard in Resources */,
			);
			runOnlyForDeploymentPostprocessing = 0;
		};
/* End PBXResourcesBuildPhase section */

/* Begin PBXShellScriptBuildPhase section */
		D53352971684C19F4E573BA0 /* [CP] Check Pods Manifest.lock */ = {
			isa = PBXShellScriptBuildPhase;
			buildActionMask = 2147483647;
			files = (
			);
			inputFileListPaths = (
			);
			inputPaths = (
				"${PODS_PODFILE_DIR_PATH}/Podfile.lock",
				"${PODS_ROOT}/Manifest.lock",
			);
			name = "[CP] Check Pods Manifest.lock";
			outputFileListPaths = (
			);
			outputPaths = (
				"$(DERIVED_FILE_DIR)/Pods-CCUILayout-checkManifestLockResult.txt",
			);
			runOnlyForDeploymentPostprocessing = 0;
			shellPath = /bin/sh;
			shellScript = "diff \"${PODS_PODFILE_DIR_PATH}/Podfile.lock\" \"${PODS_ROOT}/Manifest.lock\" > /dev/null\nif [ $? != 0 ] ; then\n    # print error to STDERR\n    echo \"error: The sandbox is not in sync with the Podfile.lock. Run 'pod install' or update your CocoaPods installation.\" >&2\n    exit 1\nfi\n# This output is used by Xcode 'outputs' to avoid re-running this script phase.\necho \"SUCCESS\" > \"${SCRIPT_OUTPUT_FILE_0}\"\n";
			showEnvVarsInLog = 0;
		};
		E5106CAC3917CFA70A3CE7CC /* [CP] Embed Pods Frameworks */ = {
			isa = PBXShellScriptBuildPhase;
			buildActionMask = 2147483647;
			files = (
			);
			inputFileListPaths = (
				"${PODS_ROOT}/Target Support Files/Pods-CCUILayout/Pods-CCUILayout-frameworks-${CONFIGURATION}-input-files.xcfilelist",
			);
			name = "[CP] Embed Pods Frameworks";
			outputFileListPaths = (
				"${PODS_ROOT}/Target Support Files/Pods-CCUILayout/Pods-CCUILayout-frameworks-${CONFIGURATION}-output-files.xcfilelist",
			);
			runOnlyForDeploymentPostprocessing = 0;
			shellPath = /bin/sh;
			shellScript = "\"${PODS_ROOT}/Target Support Files/Pods-CCUILayout/Pods-CCUILayout-frameworks.sh\"\n";
			showEnvVarsInLog = 0;
		};
/* End PBXShellScriptBuildPhase section */

/* Begin PBXSourcesBuildPhase section */
		8497AA6224591F9A0020E5EC /* Sources */ = {
			isa = PBXSourcesBuildPhase;
			buildActionMask = 2147483647;
			files = (
				84F6F529246E70BB00724376 /* FuncCELL.m in Sources */,
				84C7A0B9253ACB1500C76C75 /* CCUILayoutSuperBaseView.m in Sources */,
				8407100B24626083000C9697 /* WDZMyInfoSegLine.m in Sources */,
				84BFE5AA2472BBD700FA3E06 /* WDZLoginCenterSegLine.m in Sources */,
				8497B04224595DAA0020E5EC /* UICell_001.m in Sources */,
				8497AA7124591F9A0020E5EC /* ViewController.m in Sources */,
				84B0FB712471EC0D00B5155A /* NSObject+DynamicHeight.m in Sources */,
				84BFE5A82472BBD700FA3E06 /* WDZLoginCenterItem06.m in Sources */,
				84BFE5A72472BBD700FA3E06 /* WDZLoginCenterItem02.m in Sources */,
				8448058B253AC326004C1AC7 /* CCUITimeLineCellMode.m in Sources */,
				84480589253AC326004C1AC7 /* CCUITimeLineCell.m in Sources */,
				84F6F63924725FE300724376 /* Demo06View.m in Sources */,
				84C7A0C2253ACFB500C76C75 /* CCUILayoutSegLineView.m in Sources */,
				8497AA6B24591F9A0020E5EC /* AppDelegate.m in Sources */,
				84A746D3246EA20E00829EFF /* CCUILayoutDebugView.m in Sources */,
				84BFE5A92472BBD700FA3E06 /* WDZLoginCenterItem01.m in Sources */,
				8497B030245953D70020E5EC /* CCUILayoutDemo01VC.m in Sources */,
				8497B01D245948680020E5EC /* CCUILayoutUiMode.m in Sources */,
				84C7A0B8253ACB1500C76C75 /* CCUILayoutSuperBaseCell.m in Sources */,
				84BFE5AD2472BBD700FA3E06 /* WDZLoginCenterItem04.m in Sources */,
				8448058A253AC326004C1AC7 /* CCUITimeChLineUM.m in Sources */,
				84480579253AC1F4004C1AC7 /* CCUIShowFPS.m in Sources */,
				8497B03F24595DA10020E5EC /* UICell_000.m in Sources */,
				8497AA7C24591F9B0020E5EC /* main.m in Sources */,
				84F6F63C24725FEE00724376 /* Demo05View.m in Sources */,
				84B0FB702471EC0D00B5155A /* NSObject+ChangeLineSpaceAndWordSpace.m in Sources */,
				84F6F62D2472522100724376 /* NSObject+AutoKvo.m in Sources */,
				84B0FB722471EC0D00B5155A /* UIView+Category.m in Sources */,
				8497B0382459563D0020E5EC /* UIView_000.m in Sources */,
				84C7A091253AC53D00C76C75 /* WDZElectrContrDetailVedioBarView.m in Sources */,
				84C7A097253AC56800C76C75 /* WDZElectrContrDetailActHeadView.m in Sources */,
				8497B020245949D70020E5EC /* CCUILayoutCell.m in Sources */,
				84480590253AC374004C1AC7 /* CCUILayoutDemo08VC.m in Sources */,
				84F6F63524725C4900724376 /* CCUILayoutDemo06VC.m in Sources */,
				84F6F370246D7A9300724376 /* CCUILayoutDemo03VC.m in Sources */,
				84C7A0B4253ACB1500C76C75 /* CCUILayoutBaseVC.m in Sources */,
				8448058C253AC326004C1AC7 /* CCUITimeLine.m in Sources */,
				84C7A09B253AC58600C76C75 /* WDZElectrContrDetailOrderInfoView.m in Sources */,
				84B0FB4B24713F2300B5155A /* CCUILayoutBaseMode.m in Sources */,
				84C7A0B6253ACB1500C76C75 /* CCUILayoutBaseTabVC.m in Sources */,
				843E2CEB245A9CE000A1DFD8 /* CCUILayoutDemo02VC.m in Sources */,
				84F6F52C246E70DF00724376 /* FuncVC.m in Sources */,
				84C7A09F253AC59D00C76C75 /* WDZElectrContrDetailHistoryServeView.m in Sources */,
				84B0FB6F2471EC0D00B5155A /* CCSpeedyTool.m in Sources */,
				84480588253AC326004C1AC7 /* CCUITimeChLine.m in Sources */,
				84C7A087253AC4DA00C76C75 /* WDZWDZElectrContrDetailMain.m in Sources */,
				84BFE5AC2472BBD700FA3E06 /* WDZLoginCenterItem00.m in Sources */,
				84F6F63224725C2F00724376 /* CCUILayoutDemo05VC.m in Sources */,
				8497AA6E24591F9A0020E5EC /* SceneDelegate.m in Sources */,
				84BFE5AE2472BBD700FA3E06 /* WDZLoginCenterItem03.m in Sources */,
				84A746D0246E08A600829EFF /* CCUILayoutDemo04VC.m in Sources */,
				8497B03C24595AFC0020E5EC /* UIView_001.m in Sources */,
				8497B02924594E3F0020E5EC /* CCUILayoutView.m in Sources */,
				84C7A0B7253ACB1500C76C75 /* CCUILayoutBaseLogic.m in Sources */,
				8407100A24626083000C9697 /* WDZMyInfoItem00.m in Sources */,
				84BFE5AB2472BBD700FA3E06 /* WDZLoginCenterItem05.m in Sources */,
				84BFE5A62472BBD700FA3E06 /* CCUILayoutDemo07VC.m in Sources */,
				84C7A0B5253ACB1500C76C75 /* CCUILayoutBaseView.m in Sources */,
				84C7A0A5253AC98700C76C75 /* CCUILayoutDebugUiMode.m in Sources */,
				84C7A08E253AC52C00C76C75 /* WDZElectrContrDetailVedioHandleView.m in Sources */,
				8407100C24626083000C9697 /* WDZMyInfoItem01.m in Sources */,
				84F6F262246D5E9C00724376 /* CCUILayoutConfig.m in Sources */,
				84B0FB742471EC0D00B5155A /* CCImg_FL_LabBtn.m in Sources */,
			);
			runOnlyForDeploymentPostprocessing = 0;
		};
/* End PBXSourcesBuildPhase section */

/* Begin PBXVariantGroup section */
		8497AA7224591F9A0020E5EC /* Main.storyboard */ = {
			isa = PBXVariantGroup;
			children = (
				8497AA7324591F9A0020E5EC /* Base */,
			);
			name = Main.storyboard;
			sourceTree = "<group>";
		};
		8497AA7724591F9B0020E5EC /* LaunchScreen.storyboard */ = {
			isa = PBXVariantGroup;
			children = (
				8497AA7824591F9B0020E5EC /* Base */,
			);
			name = LaunchScreen.storyboard;
			sourceTree = "<group>";
		};
/* End PBXVariantGroup section */

/* Begin XCBuildConfiguration section */
		8497AA7D24591F9B0020E5EC /* Debug */ = {
			isa = XCBuildConfiguration;
			buildSettings = {
				ALWAYS_SEARCH_USER_PATHS = NO;
				CLANG_ANALYZER_NONNULL = YES;
				CLANG_ANALYZER_NUMBER_OBJECT_CONVERSION = YES_AGGRESSIVE;
				CLANG_CXX_LANGUAGE_STANDARD = "gnu++14";
				CLANG_CXX_LIBRARY = "libc++";
				CLANG_ENABLE_MODULES = YES;
				CLANG_ENABLE_OBJC_ARC = YES;
				CLANG_ENABLE_OBJC_WEAK = YES;
				CLANG_WARN_BLOCK_CAPTURE_AUTORELEASING = YES;
				CLANG_WARN_BOOL_CONVERSION = YES;
				CLANG_WARN_COMMA = YES;
				CLANG_WARN_CONSTANT_CONVERSION = YES;
				CLANG_WARN_DEPRECATED_OBJC_IMPLEMENTATIONS = YES;
				CLANG_WARN_DIRECT_OBJC_ISA_USAGE = YES_ERROR;
				CLANG_WARN_DOCUMENTATION_COMMENTS = YES;
				CLANG_WARN_EMPTY_BODY = YES;
				CLANG_WARN_ENUM_CONVERSION = YES;
				CLANG_WARN_INFINITE_RECURSION = YES;
				CLANG_WARN_INT_CONVERSION = YES;
				CLANG_WARN_NON_LITERAL_NULL_CONVERSION = YES;
				CLANG_WARN_OBJC_IMPLICIT_RETAIN_SELF = YES;
				CLANG_WARN_OBJC_LITERAL_CONVERSION = YES;
				CLANG_WARN_OBJC_ROOT_CLASS = YES_ERROR;
				CLANG_WARN_RANGE_LOOP_ANALYSIS = YES;
				CLANG_WARN_STRICT_PROTOTYPES = YES;
				CLANG_WARN_SUSPICIOUS_MOVE = YES;
				CLANG_WARN_UNGUARDED_AVAILABILITY = YES_AGGRESSIVE;
				CLANG_WARN_UNREACHABLE_CODE = YES;
				CLANG_WARN__DUPLICATE_METHOD_MATCH = YES;
				COPY_PHASE_STRIP = NO;
				DEBUG_INFORMATION_FORMAT = dwarf;
				ENABLE_STRICT_OBJC_MSGSEND = YES;
				ENABLE_TESTABILITY = YES;
				GCC_C_LANGUAGE_STANDARD = gnu11;
				GCC_DYNAMIC_NO_PIC = NO;
				GCC_NO_COMMON_BLOCKS = YES;
				GCC_OPTIMIZATION_LEVEL = 0;
				GCC_PREPROCESSOR_DEFINITIONS = (
					"DEBUG=1",
					"$(inherited)",
				);
				GCC_WARN_64_TO_32_BIT_CONVERSION = YES;
				GCC_WARN_ABOUT_RETURN_TYPE = YES_ERROR;
				GCC_WARN_UNDECLARED_SELECTOR = YES;
				GCC_WARN_UNINITIALIZED_AUTOS = YES_AGGRESSIVE;
				GCC_WARN_UNUSED_FUNCTION = YES;
				GCC_WARN_UNUSED_VARIABLE = YES;
				IPHONEOS_DEPLOYMENT_TARGET = 13.2;
				MTL_ENABLE_DEBUG_INFO = INCLUDE_SOURCE;
				MTL_FAST_MATH = YES;
				ONLY_ACTIVE_ARCH = YES;
				SDKROOT = iphoneos;
			};
			name = Debug;
		};
		8497AA7E24591F9B0020E5EC /* Release */ = {
			isa = XCBuildConfiguration;
			buildSettings = {
				ALWAYS_SEARCH_USER_PATHS = NO;
				CLANG_ANALYZER_NONNULL = YES;
				CLANG_ANALYZER_NUMBER_OBJECT_CONVERSION = YES_AGGRESSIVE;
				CLANG_CXX_LANGUAGE_STANDARD = "gnu++14";
				CLANG_CXX_LIBRARY = "libc++";
				CLANG_ENABLE_MODULES = YES;
				CLANG_ENABLE_OBJC_ARC = YES;
				CLANG_ENABLE_OBJC_WEAK = YES;
				CLANG_WARN_BLOCK_CAPTURE_AUTORELEASING = YES;
				CLANG_WARN_BOOL_CONVERSION = YES;
				CLANG_WARN_COMMA = YES;
				CLANG_WARN_CONSTANT_CONVERSION = YES;
				CLANG_WARN_DEPRECATED_OBJC_IMPLEMENTATIONS = YES;
				CLANG_WARN_DIRECT_OBJC_ISA_USAGE = YES_ERROR;
				CLANG_WARN_DOCUMENTATION_COMMENTS = YES;
				CLANG_WARN_EMPTY_BODY = YES;
				CLANG_WARN_ENUM_CONVERSION = YES;
				CLANG_WARN_INFINITE_RECURSION = YES;
				CLANG_WARN_INT_CONVERSION = YES;
				CLANG_WARN_NON_LITERAL_NULL_CONVERSION = YES;
				CLANG_WARN_OBJC_IMPLICIT_RETAIN_SELF = YES;
				CLANG_WARN_OBJC_LITERAL_CONVERSION = YES;
				CLANG_WARN_OBJC_ROOT_CLASS = YES_ERROR;
				CLANG_WARN_RANGE_LOOP_ANALYSIS = YES;
				CLANG_WARN_STRICT_PROTOTYPES = YES;
				CLANG_WARN_SUSPICIOUS_MOVE = YES;
				CLANG_WARN_UNGUARDED_AVAILABILITY = YES_AGGRESSIVE;
				CLANG_WARN_UNREACHABLE_CODE = YES;
				CLANG_WARN__DUPLICATE_METHOD_MATCH = YES;
				COPY_PHASE_STRIP = NO;
				DEBUG_INFORMATION_FORMAT = "dwarf-with-dsym";
				ENABLE_NS_ASSERTIONS = NO;
				ENABLE_STRICT_OBJC_MSGSEND = YES;
				GCC_C_LANGUAGE_STANDARD = gnu11;
				GCC_NO_COMMON_BLOCKS = YES;
				GCC_WARN_64_TO_32_BIT_CONVERSION = YES;
				GCC_WARN_ABOUT_RETURN_TYPE = YES_ERROR;
				GCC_WARN_UNDECLARED_SELECTOR = YES;
				GCC_WARN_UNINITIALIZED_AUTOS = YES_AGGRESSIVE;
				GCC_WARN_UNUSED_FUNCTION = YES;
				GCC_WARN_UNUSED_VARIABLE = YES;
				IPHONEOS_DEPLOYMENT_TARGET = 13.2;
				MTL_ENABLE_DEBUG_INFO = NO;
				MTL_FAST_MATH = YES;
				SDKROOT = iphoneos;
				VALIDATE_PRODUCT = YES;
			};
			name = Release;
		};
		8497AA8024591F9B0020E5EC /* Debug */ = {
			isa = XCBuildConfiguration;
			baseConfigurationReference = 4870CD6AC8D4C8D666194833 /* Pods-CCUILayout.debug.xcconfig */;
			buildSettings = {
				ASSETCATALOG_COMPILER_APPICON_NAME = AppIcon;
				CODE_SIGN_STYLE = Automatic;
				DEVELOPMENT_TEAM = MTGQCB5B3L;
				INFOPLIST_FILE = OTHER/Info.plist;
				IPHONEOS_DEPLOYMENT_TARGET = 10.0;
				LD_RUNPATH_SEARCH_PATHS = (
					"$(inherited)",
					"@executable_path/Frameworks",
				);
				PRODUCT_BUNDLE_IDENTIFIER = com.wandianzhang.test;
				PRODUCT_NAME = "$(TARGET_NAME)";
				TARGETED_DEVICE_FAMILY = "1,2";
			};
			name = Debug;
		};
		8497AA8124591F9B0020E5EC /* Release */ = {
			isa = XCBuildConfiguration;
			baseConfigurationReference = EB4E9C3617A582B9EA64D4A0 /* Pods-CCUILayout.release.xcconfig */;
			buildSettings = {
				ASSETCATALOG_COMPILER_APPICON_NAME = AppIcon;
				CODE_SIGN_STYLE = Automatic;
				DEVELOPMENT_TEAM = MTGQCB5B3L;
				INFOPLIST_FILE = OTHER/Info.plist;
				IPHONEOS_DEPLOYMENT_TARGET = 10.0;
				LD_RUNPATH_SEARCH_PATHS = (
					"$(inherited)",
					"@executable_path/Frameworks",
				);
				PRODUCT_BUNDLE_IDENTIFIER = com.wandianzhang.test;
				PRODUCT_NAME = "$(TARGET_NAME)";
				TARGETED_DEVICE_FAMILY = "1,2";
			};
			name = Release;
		};
/* End XCBuildConfiguration section */

/* Begin XCConfigurationList section */
		8497AA6124591F9A0020E5EC /* Build configuration list for PBXProject "CCUILayout" */ = {
			isa = XCConfigurationList;
			buildConfigurations = (
				8497AA7D24591F9B0020E5EC /* Debug */,
				8497AA7E24591F9B0020E5EC /* Release */,
			);
			defaultConfigurationIsVisible = 0;
			defaultConfigurationName = Release;
		};
		8497AA7F24591F9B0020E5EC /* Build configuration list for PBXNativeTarget "CCUILayout" */ = {
			isa = XCConfigurationList;
			buildConfigurations = (
				8497AA8024591F9B0020E5EC /* Debug */,
				8497AA8124591F9B0020E5EC /* Release */,
			);
			defaultConfigurationIsVisible = 0;
			defaultConfigurationName = Release;
		};
/* End XCConfigurationList section */
	};
	rootObject = 8497AA5E24591F9A0020E5EC /* Project object */;
}
